
Microsoft Visual Studio Solution File, Format Version 12.00
# Visual Studio 15
Project("{FAE04EC0-301F-11D3-BF4B-00C04F79EFBC}") = "UnityEngine.UI", "UnityEngine.UI.csproj", "{37BA1DCF-90FB-DE6E-565C-FC4DCA83E562}"
EndProject
Project("{FAE04EC0-301F-11D3-BF4B-00C04F79EFBC}") = "Unity.RenderPipelines.Core.Runtime", "Unity.RenderPipelines.Core.Runtime.csproj", "{3B5A1068-22E8-2E5C-CA25-E4DF7F0D11F8}"
EndProject
Project("{FAE04EC0-301F-11D3-BF4B-00C04F79EFBC}") = "UnityEngine.TestRunner", "UnityEngine.TestRunner.csproj", "{B4A72B44-9CC4-ED62-44D0-135A325C366C}"
EndProject
Project("{FAE04EC0-301F-11D3-BF4B-00C04F79EFBC}") = "Unity.Mathematics", "Unity.Mathematics.csproj", "{EFAEE5FB-5947-85FD-5BAD-F391509F7D8F}"
EndProject
Project("{FAE04EC0-301F-11D3-BF4B-00C04F79EFBC}") = "Unity.RenderPipelines.Universal.Runtime", "Unity.RenderPipelines.Universal.Runtime.csproj", "{E6A3BDA9-D436-3FF7-754C-19600E04E321}"
EndProject
Project("{FAE04EC0-301F-11D3-BF4B-00C04F79EFBC}") = "Unity.2D.Animation.Runtime", "Unity.2D.Animation.Runtime.csproj", "{FA1A16DD-A21E-5F1A-F86D-5508544345D3}"
EndProject
Project("{FAE04EC0-301F-11D3-BF4B-00C04F79EFBC}") = "Unity.TextMeshPro", "Unity.TextMeshPro.csproj", "{04EC28E7-4847-A749-D74B-CC2DDFD16181}"
EndProject
Project("{FAE04EC0-301F-11D3-BF4B-00C04F79EFBC}") = "Cinemachine", "Cinemachine.csproj", "{0439CE83-DF68-4294-F657-EE8891B56799}"
EndProject
Project("{FAE04EC0-301F-11D3-BF4B-00C04F79EFBC}") = "Unity.Timeline", "Unity.Timeline.csproj", "{EA2B6871-DF91-6137-EC06-9D57E000ABAE}"
EndProject
Project("{FAE04EC0-301F-11D3-BF4B-00C04F79EFBC}") = "Assembly-CSharp", "Assembly-CSharp.csproj", "{FF99ED3D-F043-626D-7AEA-F3F55EEB4561}"
EndProject
Project("{FAE04EC0-301F-11D3-BF4B-00C04F79EFBC}") = "Unity.2D.SpriteShape.Runtime", "Unity.2D.SpriteShape.Runtime.csproj", "{CCCF59AF-82E9-3D1F-3EC5-48D8C522BE5F}"
EndProject
Project("{FAE04EC0-301F-11D3-BF4B-00C04F79EFBC}") = "Unity.2D.Animation.Triangle.Runtime", "Unity.2D.Animation.Triangle.Runtime.csproj", "{88BF339B-CB63-84A6-63D1-AA45D9AA9453}"
EndProject
Project("{FAE04EC0-301F-11D3-BF4B-00C04F79EFBC}") = "Unity.2D.PixelPerfect", "Unity.2D.PixelPerfect.csproj", "{3736DE5D-C78F-5AC0-D750-C79B965CD129}"
EndProject
Project("{FAE04EC0-301F-11D3-BF4B-00C04F79EFBC}") = "Unity.2D.IK.Runtime", "Unity.2D.IK.Runtime.csproj", "{2B2E862D-5624-E801-D27C-8DB62F0AF381}"
EndProject
Project("{FAE04EC0-301F-11D3-BF4B-00C04F79EFBC}") = "Unity.2D.Common.Runtime", "Unity.2D.Common.Runtime.csproj", "{82AE78C3-E26A-211E-C838-55699012428C}"
EndProject
Project("{FAE04EC0-301F-11D3-BF4B-00C04F79EFBC}") = "Unity.RenderPipelines.Core.ShaderLibrary", "Unity.RenderPipelines.Core.ShaderLibrary.csproj", "{499E9E20-FAAE-4CA1-91F2-C94FDD1C6323}"
EndProject
Project("{FAE04EC0-301F-11D3-BF4B-00C04F79EFBC}") = "Unity.InternalAPIEngineBridge.001", "Unity.InternalAPIEngineBridge.001.csproj", "{83A9824B-3E3A-C1C9-005A-9B12A9AD80D5}"
EndProject
Project("{FAE04EC0-301F-11D3-BF4B-00C04F79EFBC}") = "Unity.RenderPipeline.Universal.ShaderLibrary", "Unity.RenderPipeline.Universal.ShaderLibrary.csproj", "{983CDBCC-5390-FDBD-C008-EE52C156CC4D}"
EndProject
Project("{FAE04EC0-301F-11D3-BF4B-00C04F79EFBC}") = "Unity.RenderPipelines.Universal.Shaders", "Unity.RenderPipelines.Universal.Shaders.csproj", "{3B1DABA5-689C-F69C-14FB-D0EACB5BBA64}"
EndProject
Project("{FAE04EC0-301F-11D3-BF4B-00C04F79EFBC}") = "Unity.RenderPipelines.ShaderGraph.ShaderGraphLibrary", "Unity.RenderPipelines.ShaderGraph.ShaderGraphLibrary.csproj", "{CF6F5474-AEDB-A31D-2DC0-41C330682266}"
EndProject
Project("{FAE04EC0-301F-11D3-BF4B-00C04F79EFBC}") = "Unity.PlasticSCM.Editor", "Unity.PlasticSCM.Editor.csproj", "{48BF4AA7-2175-376D-3045-76448BAA3B6C}"
EndProject
Project("{FAE04EC0-301F-11D3-BF4B-00C04F79EFBC}") = "Unity.ShaderGraph.Editor", "Unity.ShaderGraph.Editor.csproj", "{8E1A7F1A-8443-D2A0-8794-1891B2364BC9}"
EndProject
Project("{FAE04EC0-301F-11D3-BF4B-00C04F79EFBC}") = "Unity.VisualStudio.Editor", "Unity.VisualStudio.Editor.csproj", "{5AD5E461-2019-E00B-52E9-F989FF85D23E}"
EndProject
Project("{FAE04EC0-301F-11D3-BF4B-00C04F79EFBC}") = "Unity.Timeline.Editor", "Unity.Timeline.Editor.csproj", "{57CA92CC-0F94-027C-A6EE-98767A340334}"
EndProject
Project("{FAE04EC0-301F-11D3-BF4B-00C04F79EFBC}") = "com.unity.cinemachine.editor", "com.unity.cinemachine.editor.csproj", "{F856AA4F-7E78-AA8F-AC4A-28B051A6F94D}"
EndProject
Project("{FAE04EC0-301F-11D3-BF4B-00C04F79EFBC}") = "Unity.TextMeshPro.Editor", "Unity.TextMeshPro.Editor.csproj", "{4D249D0A-F757-9967-339C-9D81C3FBD353}"
EndProject
Project("{FAE04EC0-301F-11D3-BF4B-00C04F79EFBC}") = "Unity.2D.Animation.Editor", "Unity.2D.Animation.Editor.csproj", "{39F42C84-9B00-24B4-BEBE-7BE95893D19E}"
EndProject
Project("{FAE04EC0-301F-11D3-BF4B-00C04F79EFBC}") = "Unity.CollabProxy.Editor", "Unity.CollabProxy.Editor.csproj", "{0DBDBDAB-34EA-06A1-5D8A-68FD2F0C05FF}"
EndProject
Project("{FAE04EC0-301F-11D3-BF4B-00C04F79EFBC}") = "UnityEditor.TestRunner", "UnityEditor.TestRunner.csproj", "{16C071A4-9979-1401-CD37-FDBC6B9876F8}"
EndProject
Project("{FAE04EC0-301F-11D3-BF4B-00C04F79EFBC}") = "Unity.Rider.Editor", "Unity.Rider.Editor.csproj", "{29A612E7-85D6-94BC-6AE4-D73DA43589D0}"
EndProject
Project("{FAE04EC0-301F-11D3-BF4B-00C04F79EFBC}") = "Unity.2D.Path.Editor", "Unity.2D.Path.Editor.csproj", "{22B63B4D-36B8-A073-B743-35FC46F033DE}"
EndProject
Project("{FAE04EC0-301F-11D3-BF4B-00C04F79EFBC}") = "Unity.RenderPipelines.Universal.Editor", "Unity.RenderPipelines.Universal.Editor.csproj", "{3656F45B-CE88-FFAA-AB0F-EABDF1EB15FA}"
EndProject
Project("{FAE04EC0-301F-11D3-BF4B-00C04F79EFBC}") = "Unity.Services.Core.Editor", "Unity.Services.Core.Editor.csproj", "{179D4BD9-4BFC-E528-F6EA-4E4E95D44304}"
EndProject
Project("{FAE04EC0-301F-11D3-BF4B-00C04F79EFBC}") = "PsdPlugin", "PsdPlugin.csproj", "{2BA109E0-D438-3545-2A81-6E1924C36023}"
EndProject
Project("{FAE04EC0-301F-11D3-BF4B-00C04F79EFBC}") = "Unity.RenderPipelines.Core.Editor", "Unity.RenderPipelines.Core.Editor.csproj", "{65DF40BA-5466-38CD-AB47-1242B5826652}"
EndProject
Project("{FAE04EC0-301F-11D3-BF4B-00C04F79EFBC}") = "Unity.2D.IK.Editor", "Unity.2D.IK.Editor.csproj", "{41C3F353-4F94-CA93-61E8-B35C6A5A3978}"
EndProject
Project("{FAE04EC0-301F-11D3-BF4B-00C04F79EFBC}") = "Unity.Searcher.Editor", "Unity.Searcher.Editor.csproj", "{ABE3CA95-7738-8360-A05E-23B36CBA12D1}"
EndProject
Project("{FAE04EC0-301F-11D3-BF4B-00C04F79EFBC}") = "Unity.2D.Psdimporter.Editor", "Unity.2D.Psdimporter.Editor.csproj", "{AFFFEDFC-6653-4B97-DC13-871A6C4CCAB5}"
EndProject
Project("{FAE04EC0-301F-11D3-BF4B-00C04F79EFBC}") = "Unity.2D.SpriteShape.Editor", "Unity.2D.SpriteShape.Editor.csproj", "{B5FC41C7-E82B-1C5E-CFAD-BC1BCABB1470}"
EndProject
Project("{FAE04EC0-301F-11D3-BF4B-00C04F79EFBC}") = "Unity.2D.Tilemap.Editor", "Unity.2D.Tilemap.Editor.csproj", "{F146903F-98ED-23AE-5620-64019A6DCBAF}"
EndProject
Project("{FAE04EC0-301F-11D3-BF4B-00C04F79EFBC}") = "Unity.2D.PixelPerfect.Editor", "Unity.2D.PixelPerfect.Editor.csproj", "{6D6C88A4-99EB-8B03-5993-DF1FE86D6AA7}"
EndProject
Project("{FAE04EC0-301F-11D3-BF4B-00C04F79EFBC}") = "Unity.VSCode.Editor", "Unity.VSCode.Editor.csproj", "{E0C13FE9-2369-ED24-7829-FE138260BA98}"
EndProject
Project("{FAE04EC0-301F-11D3-BF4B-00C04F79EFBC}") = "Unity.2D.Sprite.Editor", "Unity.2D.Sprite.Editor.csproj", "{1F71FDAF-D04D-6A64-A254-3F00C76D157F}"
EndProject
Project("{FAE04EC0-301F-11D3-BF4B-00C04F79EFBC}") = "UnityEditor.UI", "UnityEditor.UI.csproj", "{B553EE3C-7CBA-8249-6190-7CBB863C4F15}"
EndProject
Project("{FAE04EC0-301F-11D3-BF4B-00C04F79EFBC}") = "Unity.Mathematics.Editor", "Unity.Mathematics.Editor.csproj", "{80E473D7-6899-3222-8C0A-9974B58B2DCE}"
EndProject
Project("{FAE04EC0-301F-11D3-BF4B-00C04F79EFBC}") = "Unity.2D.Common.Editor", "Unity.2D.Common.Editor.csproj", "{E15FB4CA-7B35-BF72-48AB-7FB03312BBFB}"
EndProject
Project("{FAE04EC0-301F-11D3-BF4B-00C04F79EFBC}") = "Unity.InternalAPIEditorBridge.001", "Unity.InternalAPIEditorBridge.001.csproj", "{F663D38E-520B-FCB7-1EA7-67927EE82069}"
EndProject
Project("{FAE04EC0-301F-11D3-BF4B-00C04F79EFBC}") = "Unity.ShaderGraph.Utilities", "Unity.ShaderGraph.Utilities.csproj", "{A11FD310-CBA5-F572-E0DE-7A909C8AF954}"
EndProject
Project("{FAE04EC0-301F-11D3-BF4B-00C04F79EFBC}") = "UnityEngine.UI", "UnityEngine.UI.Player.csproj", "{456167CD-6FB6-4DA7-CF9D-19944076B05A}"
EndProject
Project("{FAE04EC0-301F-11D3-BF4B-00C04F79EFBC}") = "Unity.RenderPipelines.Core.Runtime", "Unity.RenderPipelines.Core.Runtime.Player.csproj", "{F1A7058E-D5CF-18C9-0F8A-B8E01A923557}"
EndProject
Project("{FAE04EC0-301F-11D3-BF4B-00C04F79EFBC}") = "UnityEngine.TestRunner", "UnityEngine.TestRunner.Player.csproj", "{DA76832E-9685-98B0-150D-9E635E3E592B}"
EndProject
Project("{FAE04EC0-301F-11D3-BF4B-00C04F79EFBC}") = "Unity.Mathematics", "Unity.Mathematics.Player.csproj", "{0541AA4E-C3DA-DE49-78C9-8CA5AE471600}"
EndProject
Project("{FAE04EC0-301F-11D3-BF4B-00C04F79EFBC}") = "Unity.RenderPipelines.Universal.Runtime", "Unity.RenderPipelines.Universal.Runtime.Player.csproj", "{E925EE01-2B4F-49CA-3C87-439088928C14}"
EndProject
Project("{FAE04EC0-301F-11D3-BF4B-00C04F79EFBC}") = "Unity.2D.Animation.Runtime", "Unity.2D.Animation.Runtime.Player.csproj", "{02132B16-2B78-66F6-2F4F-9140FE88CAFA}"
EndProject
Project("{FAE04EC0-301F-11D3-BF4B-00C04F79EFBC}") = "Unity.TextMeshPro", "Unity.TextMeshPro.Player.csproj", "{333C0AEE-D469-FB10-804A-C375CFFFDF38}"
EndProject
Project("{FAE04EC0-301F-11D3-BF4B-00C04F79EFBC}") = "Cinemachine", "Cinemachine.Player.csproj", "{800F9ADC-2403-5ECA-386C-A7D877E49264}"
EndProject
Project("{FAE04EC0-301F-11D3-BF4B-00C04F79EFBC}") = "Unity.Timeline", "Unity.Timeline.Player.csproj", "{C6E2BBDC-5A87-751D-AFB5-5118F6CF4358}"
EndProject
Project("{FAE04EC0-301F-11D3-BF4B-00C04F79EFBC}") = "Assembly-CSharp", "Assembly-CSharp.Player.csproj", "{E6FF5E39-E82E-AE9A-B186-32386D4C0E1C}"
EndProject
Project("{FAE04EC0-301F-11D3-BF4B-00C04F79EFBC}") = "Unity.2D.SpriteShape.Runtime", "Unity.2D.SpriteShape.Runtime.Player.csproj", "{64BA602C-6693-FEF5-E813-0D1B0336B886}"
EndProject
Project("{FAE04EC0-301F-11D3-BF4B-00C04F79EFBC}") = "Unity.2D.Animation.Triangle.Runtime", "Unity.2D.Animation.Triangle.Runtime.Player.csproj", "{D67DB723-42C7-C38F-CBD4-67D8053C8ACB}"
EndProject
Project("{FAE04EC0-301F-11D3-BF4B-00C04F79EFBC}") = "Unity.2D.PixelPerfect", "Unity.2D.PixelPerfect.Player.csproj", "{D60FD623-0C4C-061F-24C9-7CAEF3BAC6B3}"
EndProject
Project("{FAE04EC0-301F-11D3-BF4B-00C04F79EFBC}") = "Unity.2D.IK.Runtime", "Unity.2D.IK.Runtime.Player.csproj", "{137A2E2C-505D-68C9-DBDB-EAAF050EBE6A}"
EndProject
Project("{FAE04EC0-301F-11D3-BF4B-00C04F79EFBC}") = "Unity.2D.Common.Runtime", "Unity.2D.Common.Runtime.Player.csproj", "{95018655-929B-7D6F-3CE6-D7587F94CBBF}"
EndProject
Project("{FAE04EC0-301F-11D3-BF4B-00C04F79EFBC}") = "Unity.RenderPipelines.Core.ShaderLibrary", "Unity.RenderPipelines.Core.ShaderLibrary.Player.csproj", "{D86C42B0-E670-5B18-A797-81DF16A62C67}"
EndProject
Project("{FAE04EC0-301F-11D3-BF4B-00C04F79EFBC}") = "Unity.InternalAPIEngineBridge.001", "Unity.InternalAPIEngineBridge.001.Player.csproj", "{E190240A-CF52-0FCC-3C71-D0C2B1F2ECF4}"
EndProject
Project("{FAE04EC0-301F-11D3-BF4B-00C04F79EFBC}") = "Unity.RenderPipeline.Universal.ShaderLibrary", "Unity.RenderPipeline.Universal.ShaderLibrary.Player.csproj", "{4A5FEFE8-49B2-9683-E0C0-6C40DD51F3D0}"
EndProject
Project("{FAE04EC0-301F-11D3-BF4B-00C04F79EFBC}") = "Unity.RenderPipelines.Universal.Shaders", "Unity.RenderPipelines.Universal.Shaders.Player.csproj", "{CC180244-FA56-9B2B-45FA-FB1A3DE14966}"
EndProject
Project("{FAE04EC0-301F-11D3-BF4B-00C04F79EFBC}") = "Unity.RenderPipelines.ShaderGraph.ShaderGraphLibrary", "Unity.RenderPipelines.ShaderGraph.ShaderGraphLibrary.Player.csproj", "{D65C05BE-FA20-E629-8A29-60EA26091CAB}"
EndProject
Global
	GlobalSection(SolutionConfigurationPlatforms) = preSolution
		Debug|Any CPU = Debug|Any CPU
		Release|Any CPU = Release|Any CPU
	EndGlobalSection
	GlobalSection(ProjectConfigurationPlatforms) = postSolution
		{37BA1DCF-90FB-DE6E-565C-FC4DCA83E562}.Debug|Any CPU.ActiveCfg = Debug|Any CPU
		{37BA1DCF-90FB-DE6E-565C-FC4DCA83E562}.Debug|Any CPU.Build.0 = Debug|Any CPU
		{37BA1DCF-90FB-DE6E-565C-FC4DCA83E562}.Release|Any CPU.ActiveCfg = Release|Any CPU
		{37BA1DCF-90FB-DE6E-565C-FC4DCA83E562}.Release|Any CPU.Build.0 = Release|Any CPU
		{3B5A1068-22E8-2E5C-CA25-E4DF7F0D11F8}.Debug|Any CPU.ActiveCfg = Debug|Any CPU
		{3B5A1068-22E8-2E5C-CA25-E4DF7F0D11F8}.Debug|Any CPU.Build.0 = Debug|Any CPU
		{3B5A1068-22E8-2E5C-CA25-E4DF7F0D11F8}.Release|Any CPU.ActiveCfg = Release|Any CPU
		{3B5A1068-22E8-2E5C-CA25-E4DF7F0D11F8}.Release|Any CPU.Build.0 = Release|Any CPU
		{B4A72B44-9CC4-ED62-44D0-135A325C366C}.Debug|Any CPU.ActiveCfg = Debug|Any CPU
		{B4A72B44-9CC4-ED62-44D0-135A325C366C}.Debug|Any CPU.Build.0 = Debug|Any CPU
		{B4A72B44-9CC4-ED62-44D0-135A325C366C}.Release|Any CPU.ActiveCfg = Release|Any CPU
		{B4A72B44-9CC4-ED62-44D0-135A325C366C}.Release|Any CPU.Build.0 = Release|Any CPU
		{EFAEE5FB-5947-85FD-5BAD-F391509F7D8F}.Debug|Any CPU.ActiveCfg = Debug|Any CPU
		{EFAEE5FB-5947-85FD-5BAD-F391509F7D8F}.Debug|Any CPU.Build.0 = Debug|Any CPU
		{EFAEE5FB-5947-85FD-5BAD-F391509F7D8F}.Release|Any CPU.ActiveCfg = Release|Any CPU
		{EFAEE5FB-5947-85FD-5BAD-F391509F7D8F}.Release|Any CPU.Build.0 = Release|Any CPU
		{E6A3BDA9-D436-3FF7-754C-19600E04E321}.Debug|Any CPU.ActiveCfg = Debug|Any CPU
		{E6A3BDA9-D436-3FF7-754C-19600E04E321}.Debug|Any CPU.Build.0 = Debug|Any CPU
		{E6A3BDA9-D436-3FF7-754C-19600E04E321}.Release|Any CPU.ActiveCfg = Release|Any CPU
		{E6A3BDA9-D436-3FF7-754C-19600E04E321}.Release|Any CPU.Build.0 = Release|Any CPU
		{FA1A16DD-A21E-5F1A-F86D-5508544345D3}.Debug|Any CPU.ActiveCfg = Debug|Any CPU
		{FA1A16DD-A21E-5F1A-F86D-5508544345D3}.Debug|Any CPU.Build.0 = Debug|Any CPU
		{FA1A16DD-A21E-5F1A-F86D-5508544345D3}.Release|Any CPU.ActiveCfg = Release|Any CPU
		{FA1A16DD-A21E-5F1A-F86D-5508544345D3}.Release|Any CPU.Build.0 = Release|Any CPU
		{04EC28E7-4847-A749-D74B-CC2DDFD16181}.Debug|Any CPU.ActiveCfg = Debug|Any CPU
		{04EC28E7-4847-A749-D74B-CC2DDFD16181}.Debug|Any CPU.Build.0 = Debug|Any CPU
		{04EC28E7-4847-A749-D74B-CC2DDFD16181}.Release|Any CPU.ActiveCfg = Release|Any CPU
		{04EC28E7-4847-A749-D74B-CC2DDFD16181}.Release|Any CPU.Build.0 = Release|Any CPU
		{0439CE83-DF68-4294-F657-EE8891B56799}.Debug|Any CPU.ActiveCfg = Debug|Any CPU
		{0439CE83-DF68-4294-F657-EE8891B56799}.Debug|Any CPU.Build.0 = Debug|Any CPU
		{0439CE83-DF68-4294-F657-EE8891B56799}.Release|Any CPU.ActiveCfg = Release|Any CPU
		{0439CE83-DF68-4294-F657-EE8891B56799}.Release|Any CPU.Build.0 = Release|Any CPU
		{EA2B6871-DF91-6137-EC06-9D57E000ABAE}.Debug|Any CPU.ActiveCfg = Debug|Any CPU
		{EA2B6871-DF91-6137-EC06-9D57E000ABAE}.Debug|Any CPU.Build.0 = Debug|Any CPU
		{EA2B6871-DF91-6137-EC06-9D57E000ABAE}.Release|Any CPU.ActiveCfg = Release|Any CPU
		{EA2B6871-DF91-6137-EC06-9D57E000ABAE}.Release|Any CPU.Build.0 = Release|Any CPU
		{FF99ED3D-F043-626D-7AEA-F3F55EEB4561}.Debug|Any CPU.ActiveCfg = Debug|Any CPU
		{FF99ED3D-F043-626D-7AEA-F3F55EEB4561}.Debug|Any CPU.Build.0 = Debug|Any CPU
		{FF99ED3D-F043-626D-7AEA-F3F55EEB4561}.Release|Any CPU.ActiveCfg = Release|Any CPU
		{FF99ED3D-F043-626D-7AEA-F3F55EEB4561}.Release|Any CPU.Build.0 = Release|Any CPU
		{CCCF59AF-82E9-3D1F-3EC5-48D8C522BE5F}.Debug|Any CPU.ActiveCfg = Debug|Any CPU
		{CCCF59AF-82E9-3D1F-3EC5-48D8C522BE5F}.Debug|Any CPU.Build.0 = Debug|Any CPU
		{CCCF59AF-82E9-3D1F-3EC5-48D8C522BE5F}.Release|Any CPU.ActiveCfg = Release|Any CPU
		{CCCF59AF-82E9-3D1F-3EC5-48D8C522BE5F}.Release|Any CPU.Build.0 = Release|Any CPU
		{88BF339B-CB63-84A6-63D1-AA45D9AA9453}.Debug|Any CPU.ActiveCfg = Debug|Any CPU
		{88BF339B-CB63-84A6-63D1-AA45D9AA9453}.Debug|Any CPU.Build.0 = Debug|Any CPU
		{88BF339B-CB63-84A6-63D1-AA45D9AA9453}.Release|Any CPU.ActiveCfg = Release|Any CPU
		{88BF339B-CB63-84A6-63D1-AA45D9AA9453}.Release|Any CPU.Build.0 = Release|Any CPU
		{3736DE5D-C78F-5AC0-D750-C79B965CD129}.Debug|Any CPU.ActiveCfg = Debug|Any CPU
		{3736DE5D-C78F-5AC0-D750-C79B965CD129}.Debug|Any CPU.Build.0 = Debug|Any CPU
		{3736DE5D-C78F-5AC0-D750-C79B965CD129}.Release|Any CPU.ActiveCfg = Release|Any CPU
		{3736DE5D-C78F-5AC0-D750-C79B965CD129}.Release|Any CPU.Build.0 = Release|Any CPU
		{2B2E862D-5624-E801-D27C-8DB62F0AF381}.Debug|Any CPU.ActiveCfg = Debug|Any CPU
		{2B2E862D-5624-E801-D27C-8DB62F0AF381}.Debug|Any CPU.Build.0 = Debug|Any CPU
		{2B2E862D-5624-E801-D27C-8DB62F0AF381}.Release|Any CPU.ActiveCfg = Release|Any CPU
		{2B2E862D-5624-E801-D27C-8DB62F0AF381}.Release|Any CPU.Build.0 = Release|Any CPU
		{82AE78C3-E26A-211E-C838-55699012428C}.Debug|Any CPU.ActiveCfg = Debug|Any CPU
		{82AE78C3-E26A-211E-C838-55699012428C}.Debug|Any CPU.Build.0 = Debug|Any CPU
		{82AE78C3-E26A-211E-C838-55699012428C}.Release|Any CPU.ActiveCfg = Release|Any CPU
		{82AE78C3-E26A-211E-C838-55699012428C}.Release|Any CPU.Build.0 = Release|Any CPU
		{499E9E20-FAAE-4CA1-91F2-C94FDD1C6323}.Debug|Any CPU.ActiveCfg = Debug|Any CPU
		{499E9E20-FAAE-4CA1-91F2-C94FDD1C6323}.Debug|Any CPU.Build.0 = Debug|Any CPU
		{499E9E20-FAAE-4CA1-91F2-C94FDD1C6323}.Release|Any CPU.ActiveCfg = Release|Any CPU
		{499E9E20-FAAE-4CA1-91F2-C94FDD1C6323}.Release|Any CPU.Build.0 = Release|Any CPU
		{83A9824B-3E3A-C1C9-005A-9B12A9AD80D5}.Debug|Any CPU.ActiveCfg = Debug|Any CPU
		{83A9824B-3E3A-C1C9-005A-9B12A9AD80D5}.Debug|Any CPU.Build.0 = Debug|Any CPU
		{83A9824B-3E3A-C1C9-005A-9B12A9AD80D5}.Release|Any CPU.ActiveCfg = Release|Any CPU
		{83A9824B-3E3A-C1C9-005A-9B12A9AD80D5}.Release|Any CPU.Build.0 = Release|Any CPU
		{983CDBCC-5390-FDBD-C008-EE52C156CC4D}.Debug|Any CPU.ActiveCfg = Debug|Any CPU
		{983CDBCC-5390-FDBD-C008-EE52C156CC4D}.Debug|Any CPU.Build.0 = Debug|Any CPU
		{983CDBCC-5390-FDBD-C008-EE52C156CC4D}.Release|Any CPU.ActiveCfg = Release|Any CPU
		{983CDBCC-5390-FDBD-C008-EE52C156CC4D}.Release|Any CPU.Build.0 = Release|Any CPU
		{3B1DABA5-689C-F69C-14FB-D0EACB5BBA64}.Debug|Any CPU.ActiveCfg = Debug|Any CPU
		{3B1DABA5-689C-F69C-14FB-D0EACB5BBA64}.Debug|Any CPU.Build.0 = Debug|Any CPU
		{3B1DABA5-689C-F69C-14FB-D0EACB5BBA64}.Release|Any CPU.ActiveCfg = Release|Any CPU
		{3B1DABA5-689C-F69C-14FB-D0EACB5BBA64}.Release|Any CPU.Build.0 = Release|Any CPU
		{CF6F5474-AEDB-A31D-2DC0-41C330682266}.Debug|Any CPU.ActiveCfg = Debug|Any CPU
		{CF6F5474-AEDB-A31D-2DC0-41C330682266}.Debug|Any CPU.Build.0 = Debug|Any CPU
		{CF6F5474-AEDB-A31D-2DC0-41C330682266}.Release|Any CPU.ActiveCfg = Release|Any CPU
		{CF6F5474-AEDB-A31D-2DC0-41C330682266}.Release|Any CPU.Build.0 = Release|Any CPU
		{48BF4AA7-2175-376D-3045-76448BAA3B6C}.Debug|Any CPU.ActiveCfg = Debug|Any CPU
		{48BF4AA7-2175-376D-3045-76448BAA3B6C}.Debug|Any CPU.Build.0 = Debug|Any CPU
		{48BF4AA7-2175-376D-3045-76448BAA3B6C}.Release|Any CPU.ActiveCfg = Release|Any CPU
		{48BF4AA7-2175-376D-3045-76448BAA3B6C}.Release|Any CPU.Build.0 = Release|Any CPU
		{8E1A7F1A-8443-D2A0-8794-1891B2364BC9}.Debug|Any CPU.ActiveCfg = Debug|Any CPU
		{8E1A7F1A-8443-D2A0-8794-1891B2364BC9}.Debug|Any CPU.Build.0 = Debug|Any CPU
		{8E1A7F1A-8443-D2A0-8794-1891B2364BC9}.Release|Any CPU.ActiveCfg = Release|Any CPU
		{8E1A7F1A-8443-D2A0-8794-1891B2364BC9}.Release|Any CPU.Build.0 = Release|Any CPU
		{5AD5E461-2019-E00B-52E9-F989FF85D23E}.Debug|Any CPU.ActiveCfg = Debug|Any CPU
		{5AD5E461-2019-E00B-52E9-F989FF85D23E}.Debug|Any CPU.Build.0 = Debug|Any CPU
		{5AD5E461-2019-E00B-52E9-F989FF85D23E}.Release|Any CPU.ActiveCfg = Release|Any CPU
		{5AD5E461-2019-E00B-52E9-F989FF85D23E}.Release|Any CPU.Build.0 = Release|Any CPU
		{57CA92CC-0F94-027C-A6EE-98767A340334}.Debug|Any CPU.ActiveCfg = Debug|Any CPU
		{57CA92CC-0F94-027C-A6EE-98767A340334}.Debug|Any CPU.Build.0 = Debug|Any CPU
		{57CA92CC-0F94-027C-A6EE-98767A340334}.Release|Any CPU.ActiveCfg = Release|Any CPU
		{57CA92CC-0F94-027C-A6EE-98767A340334}.Release|Any CPU.Build.0 = Release|Any CPU
		{F856AA4F-7E78-AA8F-AC4A-28B051A6F94D}.Debug|Any CPU.ActiveCfg = Debug|Any CPU
		{F856AA4F-7E78-AA8F-AC4A-28B051A6F94D}.Debug|Any CPU.Build.0 = Debug|Any CPU
		{F856AA4F-7E78-AA8F-AC4A-28B051A6F94D}.Release|Any CPU.ActiveCfg = Release|Any CPU
		{F856AA4F-7E78-AA8F-AC4A-28B051A6F94D}.Release|Any CPU.Build.0 = Release|Any CPU
		{4D249D0A-F757-9967-339C-9D81C3FBD353}.Debug|Any CPU.ActiveCfg = Debug|Any CPU
		{4D249D0A-F757-9967-339C-9D81C3FBD353}.Debug|Any CPU.Build.0 = Debug|Any CPU
		{4D249D0A-F757-9967-339C-9D81C3FBD353}.Release|Any CPU.ActiveCfg = Release|Any CPU
		{4D249D0A-F757-9967-339C-9D81C3FBD353}.Release|Any CPU.Build.0 = Release|Any CPU
		{39F42C84-9B00-24B4-BEBE-7BE95893D19E}.Debug|Any CPU.ActiveCfg = Debug|Any CPU
		{39F42C84-9B00-24B4-BEBE-7BE95893D19E}.Debug|Any CPU.Build.0 = Debug|Any CPU
		{39F42C84-9B00-24B4-BEBE-7BE95893D19E}.Release|Any CPU.ActiveCfg = Release|Any CPU
		{39F42C84-9B00-24B4-BEBE-7BE95893D19E}.Release|Any CPU.Build.0 = Release|Any CPU
		{0DBDBDAB-34EA-06A1-5D8A-68FD2F0C05FF}.Debug|Any CPU.ActiveCfg = Debug|Any CPU
		{0DBDBDAB-34EA-06A1-5D8A-68FD2F0C05FF}.Debug|Any CPU.Build.0 = Debug|Any CPU
		{0DBDBDAB-34EA-06A1-5D8A-68FD2F0C05FF}.Release|Any CPU.ActiveCfg = Release|Any CPU
		{0DBDBDAB-34EA-06A1-5D8A-68FD2F0C05FF}.Release|Any CPU.Build.0 = Release|Any CPU
		{16C071A4-9979-1401-CD37-FDBC6B9876F8}.Debug|Any CPU.ActiveCfg = Debug|Any CPU
		{16C071A4-9979-1401-CD37-FDBC6B9876F8}.Debug|Any CPU.Build.0 = Debug|Any CPU
		{16C071A4-9979-1401-CD37-FDBC6B9876F8}.Release|Any CPU.ActiveCfg = Release|Any CPU
		{16C071A4-9979-1401-CD37-FDBC6B9876F8}.Release|Any CPU.Build.0 = Release|Any CPU
		{29A612E7-85D6-94BC-6AE4-D73DA43589D0}.Debug|Any CPU.ActiveCfg = Debug|Any CPU
		{29A612E7-85D6-94BC-6AE4-D73DA43589D0}.Debug|Any CPU.Build.0 = Debug|Any CPU
		{29A612E7-85D6-94BC-6AE4-D73DA43589D0}.Release|Any CPU.ActiveCfg = Release|Any CPU
		{29A612E7-85D6-94BC-6AE4-D73DA43589D0}.Release|Any CPU.Build.0 = Release|Any CPU
		{22B63B4D-36B8-A073-B743-35FC46F033DE}.Debug|Any CPU.ActiveCfg = Debug|Any CPU
		{22B63B4D-36B8-A073-B743-35FC46F033DE}.Debug|Any CPU.Build.0 = Debug|Any CPU
		{22B63B4D-36B8-A073-B743-35FC46F033DE}.Release|Any CPU.ActiveCfg = Release|Any CPU
		{22B63B4D-36B8-A073-B743-35FC46F033DE}.Release|Any CPU.Build.0 = Release|Any CPU
		{3656F45B-CE88-FFAA-AB0F-EABDF1EB15FA}.Debug|Any CPU.ActiveCfg = Debug|Any CPU
		{3656F45B-CE88-FFAA-AB0F-EABDF1EB15FA}.Debug|Any CPU.Build.0 = Debug|Any CPU
		{3656F45B-CE88-FFAA-AB0F-EABDF1EB15FA}.Release|Any CPU.ActiveCfg = Release|Any CPU
		{3656F45B-CE88-FFAA-AB0F-EABDF1EB15FA}.Release|Any CPU.Build.0 = Release|Any CPU
		{179D4BD9-4BFC-E528-F6EA-4E4E95D44304}.Debug|Any CPU.ActiveCfg = Debug|Any CPU
		{179D4BD9-4BFC-E528-F6EA-4E4E95D44304}.Debug|Any CPU.Build.0 = Debug|Any CPU
		{179D4BD9-4BFC-E528-F6EA-4E4E95D44304}.Release|Any CPU.ActiveCfg = Release|Any CPU
		{179D4BD9-4BFC-E528-F6EA-4E4E95D44304}.Release|Any CPU.Build.0 = Release|Any CPU
		{2BA109E0-D438-3545-2A81-6E1924C36023}.Debug|Any CPU.ActiveCfg = Debug|Any CPU
		{2BA109E0-D438-3545-2A81-6E1924C36023}.Debug|Any CPU.Build.0 = Debug|Any CPU
		{2BA109E0-D438-3545-2A81-6E1924C36023}.Release|Any CPU.ActiveCfg = Release|Any CPU
		{2BA109E0-D438-3545-2A81-6E1924C36023}.Release|Any CPU.Build.0 = Release|Any CPU
		{65DF40BA-5466-38CD-AB47-1242B5826652}.Debug|Any CPU.ActiveCfg = Debug|Any CPU
		{65DF40BA-5466-38CD-AB47-1242B5826652}.Debug|Any CPU.Build.0 = Debug|Any CPU
		{65DF40BA-5466-38CD-AB47-1242B5826652}.Release|Any CPU.ActiveCfg = Release|Any CPU
		{65DF40BA-5466-38CD-AB47-1242B5826652}.Release|Any CPU.Build.0 = Release|Any CPU
		{41C3F353-4F94-CA93-61E8-B35C6A5A3978}.Debug|Any CPU.ActiveCfg = Debug|Any CPU
		{41C3F353-4F94-CA93-61E8-B35C6A5A3978}.Debug|Any CPU.Build.0 = Debug|Any CPU
		{41C3F353-4F94-CA93-61E8-B35C6A5A3978}.Release|Any CPU.ActiveCfg = Release|Any CPU
		{41C3F353-4F94-CA93-61E8-B35C6A5A3978}.Release|Any CPU.Build.0 = Release|Any CPU
		{ABE3CA95-7738-8360-A05E-23B36CBA12D1}.Debug|Any CPU.ActiveCfg = Debug|Any CPU
		{ABE3CA95-7738-8360-A05E-23B36CBA12D1}.Debug|Any CPU.Build.0 = Debug|Any CPU
		{ABE3CA95-7738-8360-A05E-23B36CBA12D1}.Release|Any CPU.ActiveCfg = Release|Any CPU
		{ABE3CA95-7738-8360-A05E-23B36CBA12D1}.Release|Any CPU.Build.0 = Release|Any CPU
		{AFFFEDFC-6653-4B97-DC13-871A6C4CCAB5}.Debug|Any CPU.ActiveCfg = Debug|Any CPU
		{AFFFEDFC-6653-4B97-DC13-871A6C4CCAB5}.Debug|Any CPU.Build.0 = Debug|Any CPU
		{AFFFEDFC-6653-4B97-DC13-871A6C4CCAB5}.Release|Any CPU.ActiveCfg = Release|Any CPU
		{AFFFEDFC-6653-4B97-DC13-871A6C4CCAB5}.Release|Any CPU.Build.0 = Release|Any CPU
		{B5FC41C7-E82B-1C5E-CFAD-BC1BCABB1470}.Debug|Any CPU.ActiveCfg = Debug|Any CPU
		{B5FC41C7-E82B-1C5E-CFAD-BC1BCABB1470}.Debug|Any CPU.Build.0 = Debug|Any CPU
		{B5FC41C7-E82B-1C5E-CFAD-BC1BCABB1470}.Release|Any CPU.ActiveCfg = Release|Any CPU
		{B5FC41C7-E82B-1C5E-CFAD-BC1BCABB1470}.Release|Any CPU.Build.0 = Release|Any CPU
		{F146903F-98ED-23AE-5620-64019A6DCBAF}.Debug|Any CPU.ActiveCfg = Debug|Any CPU
		{F146903F-98ED-23AE-5620-64019A6DCBAF}.Debug|Any CPU.Build.0 = Debug|Any CPU
		{F146903F-98ED-23AE-5620-64019A6DCBAF}.Release|Any CPU.ActiveCfg = Release|Any CPU
		{F146903F-98ED-23AE-5620-64019A6DCBAF}.Release|Any CPU.Build.0 = Release|Any CPU
		{6D6C88A4-99EB-8B03-5993-DF1FE86D6AA7}.Debug|Any CPU.ActiveCfg = Debug|Any CPU
		{6D6C88A4-99EB-8B03-5993-DF1FE86D6AA7}.Debug|Any CPU.Build.0 = Debug|Any CPU
		{6D6C88A4-99EB-8B03-5993-DF1FE86D6AA7}.Release|Any CPU.ActiveCfg = Release|Any CPU
		{6D6C88A4-99EB-8B03-5993-DF1FE86D6AA7}.Release|Any CPU.Build.0 = Release|Any CPU
		{E0C13FE9-2369-ED24-7829-FE138260BA98}.Debug|Any CPU.ActiveCfg = Debug|Any CPU
		{E0C13FE9-2369-ED24-7829-FE138260BA98}.Debug|Any CPU.Build.0 = Debug|Any CPU
		{E0C13FE9-2369-ED24-7829-FE138260BA98}.Release|Any CPU.ActiveCfg = Release|Any CPU
		{E0C13FE9-2369-ED24-7829-FE138260BA98}.Release|Any CPU.Build.0 = Release|Any CPU
		{1F71FDAF-D04D-6A64-A254-3F00C76D157F}.Debug|Any CPU.ActiveCfg = Debug|Any CPU
		{1F71FDAF-D04D-6A64-A254-3F00C76D157F}.Debug|Any CPU.Build.0 = Debug|Any CPU
		{1F71FDAF-D04D-6A64-A254-3F00C76D157F}.Release|Any CPU.ActiveCfg = Release|Any CPU
		{1F71FDAF-D04D-6A64-A254-3F00C76D157F}.Release|Any CPU.Build.0 = Release|Any CPU
		{B553EE3C-7CBA-8249-6190-7CBB863C4F15}.Debug|Any CPU.ActiveCfg = Debug|Any CPU
		{B553EE3C-7CBA-8249-6190-7CBB863C4F15}.Debug|Any CPU.Build.0 = Debug|Any CPU
		{B553EE3C-7CBA-8249-6190-7CBB863C4F15}.Release|Any CPU.ActiveCfg = Release|Any CPU
		{B553EE3C-7CBA-8249-6190-7CBB863C4F15}.Release|Any CPU.Build.0 = Release|Any CPU
		{80E473D7-6899-3222-8C0A-9974B58B2DCE}.Debug|Any CPU.ActiveCfg = Debug|Any CPU
		{80E473D7-6899-3222-8C0A-9974B58B2DCE}.Debug|Any CPU.Build.0 = Debug|Any CPU
		{80E473D7-6899-3222-8C0A-9974B58B2DCE}.Release|Any CPU.ActiveCfg = Release|Any CPU
		{80E473D7-6899-3222-8C0A-9974B58B2DCE}.Release|Any CPU.Build.0 = Release|Any CPU
		{E15FB4CA-7B35-BF72-48AB-7FB03312BBFB}.Debug|Any CPU.ActiveCfg = Debug|Any CPU
		{E15FB4CA-7B35-BF72-48AB-7FB03312BBFB}.Debug|Any CPU.Build.0 = Debug|Any CPU
		{E15FB4CA-7B35-BF72-48AB-7FB03312BBFB}.Release|Any CPU.ActiveCfg = Release|Any CPU
		{E15FB4CA-7B35-BF72-48AB-7FB03312BBFB}.Release|Any CPU.Build.0 = Release|Any CPU
		{F663D38E-520B-FCB7-1EA7-67927EE82069}.Debug|Any CPU.ActiveCfg = Debug|Any CPU
		{F663D38E-520B-FCB7-1EA7-67927EE82069}.Debug|Any CPU.Build.0 = Debug|Any CPU
		{F663D38E-520B-FCB7-1EA7-67927EE82069}.Release|Any CPU.ActiveCfg = Release|Any CPU
		{F663D38E-520B-FCB7-1EA7-67927EE82069}.Release|Any CPU.Build.0 = Release|Any CPU
		{A11FD310-CBA5-F572-E0DE-7A909C8AF954}.Debug|Any CPU.ActiveCfg = Debug|Any CPU
		{A11FD310-CBA5-F572-E0DE-7A909C8AF954}.Debug|Any CPU.Build.0 = Debug|Any CPU
		{A11FD310-CBA5-F572-E0DE-7A909C8AF954}.Release|Any CPU.ActiveCfg = Release|Any CPU
		{A11FD310-CBA5-F572-E0DE-7A909C8AF954}.Release|Any CPU.Build.0 = Release|Any CPU
		{456167CD-6FB6-4DA7-CF9D-19944076B05A}.Debug|Any CPU.ActiveCfg = Debug|Any CPU
		{456167CD-6FB6-4DA7-CF9D-19944076B05A}.Debug|Any CPU.Build.0 = Debug|Any CPU
		{456167CD-6FB6-4DA7-CF9D-19944076B05A}.Release|Any CPU.ActiveCfg = Release|Any CPU
		{456167CD-6FB6-4DA7-CF9D-19944076B05A}.Release|Any CPU.Build.0 = Release|Any CPU
		{F1A7058E-D5CF-18C9-0F8A-B8E01A923557}.Debug|Any CPU.ActiveCfg = Debug|Any CPU
		{F1A7058E-D5CF-18C9-0F8A-B8E01A923557}.Debug|Any CPU.Build.0 = Debug|Any CPU
		{F1A7058E-D5CF-18C9-0F8A-B8E01A923557}.Release|Any CPU.ActiveCfg = Release|Any CPU
		{F1A7058E-D5CF-18C9-0F8A-B8E01A923557}.Release|Any CPU.Build.0 = Release|Any CPU
		{DA76832E-9685-98B0-150D-9E635E3E592B}.Debug|Any CPU.ActiveCfg = Debug|Any CPU
		{DA76832E-9685-98B0-150D-9E635E3E592B}.Debug|Any CPU.Build.0 = Debug|Any CPU
		{DA76832E-9685-98B0-150D-9E635E3E592B}.Release|Any CPU.ActiveCfg = Release|Any CPU
		{DA76832E-9685-98B0-150D-9E635E3E592B}.Release|Any CPU.Build.0 = Release|Any CPU
		{0541AA4E-C3DA-DE49-78C9-8CA5AE471600}.Debug|Any CPU.ActiveCfg = Debug|Any CPU
		{0541AA4E-C3DA-DE49-78C9-8CA5AE471600}.Debug|Any CPU.Build.0 = Debug|Any CPU
		{0541AA4E-C3DA-DE49-78C9-8CA5AE471600}.Release|Any CPU.ActiveCfg = Release|Any CPU
		{0541AA4E-C3DA-DE49-78C9-8CA5AE471600}.Release|Any CPU.Build.0 = Release|Any CPU
		{E925EE01-2B4F-49CA-3C87-439088928C14}.Debug|Any CPU.ActiveCfg = Debug|Any CPU
		{E925EE01-2B4F-49CA-3C87-439088928C14}.Debug|Any CPU.Build.0 = Debug|Any CPU
		{E925EE01-2B4F-49CA-3C87-439088928C14}.Release|Any CPU.ActiveCfg = Release|Any CPU
		{E925EE01-2B4F-49CA-3C87-439088928C14}.Release|Any CPU.Build.0 = Release|Any CPU
		{02132B16-2B78-66F6-2F4F-9140FE88CAFA}.Debug|Any CPU.ActiveCfg = Debug|Any CPU
		{02132B16-2B78-66F6-2F4F-9140FE88CAFA}.Debug|Any CPU.Build.0 = Debug|Any CPU
		{02132B16-2B78-66F6-2F4F-9140FE88CAFA}.Release|Any CPU.ActiveCfg = Release|Any CPU
		{02132B16-2B78-66F6-2F4F-9140FE88CAFA}.Release|Any CPU.Build.0 = Release|Any CPU
		{333C0AEE-D469-FB10-804A-C375CFFFDF38}.Debug|Any CPU.ActiveCfg = Debug|Any CPU
		{333C0AEE-D469-FB10-804A-C375CFFFDF38}.Debug|Any CPU.Build.0 = Debug|Any CPU
		{333C0AEE-D469-FB10-804A-C375CFFFDF38}.Release|Any CPU.ActiveCfg = Release|Any CPU
		{333C0AEE-D469-FB10-804A-C375CFFFDF38}.Release|Any CPU.Build.0 = Release|Any CPU
		{800F9ADC-2403-5ECA-386C-A7D877E49264}.Debug|Any CPU.ActiveCfg = Debug|Any CPU
		{800F9ADC-2403-5ECA-386C-A7D877E49264}.Debug|Any CPU.Build.0 = Debug|Any CPU
		{800F9ADC-2403-5ECA-386C-A7D877E49264}.Release|Any CPU.ActiveCfg = Release|Any CPU
		{800F9ADC-2403-5ECA-386C-A7D877E49264}.Release|Any CPU.Build.0 = Release|Any CPU
		{C6E2BBDC-5A87-751D-AFB5-5118F6CF4358}.Debug|Any CPU.ActiveCfg = Debug|Any CPU
		{C6E2BBDC-5A87-751D-AFB5-5118F6CF4358}.Debug|Any CPU.Build.0 = Debug|Any CPU
		{C6E2BBDC-5A87-751D-AFB5-5118F6CF4358}.Release|Any CPU.ActiveCfg = Release|Any CPU
		{C6E2BBDC-5A87-751D-AFB5-5118F6CF4358}.Release|Any CPU.Build.0 = Release|Any CPU
		{E6FF5E39-E82E-AE9A-B186-32386D4C0E1C}.Debug|Any CPU.ActiveCfg = Debug|Any CPU
		{E6FF5E39-E82E-AE9A-B186-32386D4C0E1C}.Debug|Any CPU.Build.0 = Debug|Any CPU
		{E6FF5E39-E82E-AE9A-B186-32386D4C0E1C}.Release|Any CPU.ActiveCfg = Release|Any CPU
		{E6FF5E39-E82E-AE9A-B186-32386D4C0E1C}.Release|Any CPU.Build.0 = Release|Any CPU
		{64BA602C-6693-FEF5-E813-0D1B0336B886}.Debug|Any CPU.ActiveCfg = Debug|Any CPU
		{64BA602C-6693-FEF5-E813-0D1B0336B886}.Debug|Any CPU.Build.0 = Debug|Any CPU
		{64BA602C-6693-FEF5-E813-0D1B0336B886}.Release|Any CPU.ActiveCfg = Release|Any CPU
		{64BA602C-6693-FEF5-E813-0D1B0336B886}.Release|Any CPU.Build.0 = Release|Any CPU
		{D67DB723-42C7-C38F-CBD4-67D8053C8ACB}.Debug|Any CPU.ActiveCfg = Debug|Any CPU
		{D67DB723-42C7-C38F-CBD4-67D8053C8ACB}.Debug|Any CPU.Build.0 = Debug|Any CPU
		{D67DB723-42C7-C38F-CBD4-67D8053C8ACB}.Release|Any CPU.ActiveCfg = Release|Any CPU
		{D67DB723-42C7-C38F-CBD4-67D8053C8ACB}.Release|Any CPU.Build.0 = Release|Any CPU
		{D60FD623-0C4C-061F-24C9-7CAEF3BAC6B3}.Debug|Any CPU.ActiveCfg = Debug|Any CPU
		{D60FD623-0C4C-061F-24C9-7CAEF3BAC6B3}.Debug|Any CPU.Build.0 = Debug|Any CPU
		{D60FD623-0C4C-061F-24C9-7CAEF3BAC6B3}.Release|Any CPU.ActiveCfg = Release|Any CPU
		{D60FD623-0C4C-061F-24C9-7CAEF3BAC6B3}.Release|Any CPU.Build.0 = Release|Any CPU
		{137A2E2C-505D-68C9-DBDB-EAAF050EBE6A}.Debug|Any CPU.ActiveCfg = Debug|Any CPU
		{137A2E2C-505D-68C9-DBDB-EAAF050EBE6A}.Debug|Any CPU.Build.0 = Debug|Any CPU
		{137A2E2C-505D-68C9-DBDB-EAAF050EBE6A}.Release|Any CPU.ActiveCfg = Release|Any CPU
		{137A2E2C-505D-68C9-DBDB-EAAF050EBE6A}.Release|Any CPU.Build.0 = Release|Any CPU
		{95018655-929B-7D6F-3CE6-D7587F94CBBF}.Debug|Any CPU.ActiveCfg = Debug|Any CPU
		{95018655-929B-7D6F-3CE6-D7587F94CBBF}.Debug|Any CPU.Build.0 = Debug|Any CPU
		{95018655-929B-7D6F-3CE6-D7587F94CBBF}.Release|Any CPU.ActiveCfg = Release|Any CPU
		{95018655-929B-7D6F-3CE6-D7587F94CBBF}.Release|Any CPU.Build.0 = Release|Any CPU
		{D86C42B0-E670-5B18-A797-81DF16A62C67}.Debug|Any CPU.ActiveCfg = Debug|Any CPU
		{D86C42B0-E670-5B18-A797-81DF16A62C67}.Debug|Any CPU.Build.0 = Debug|Any CPU
		{D86C42B0-E670-5B18-A797-81DF16A62C67}.Release|Any CPU.ActiveCfg = Release|Any CPU
		{D86C42B0-E670-5B18-A797-81DF16A62C67}.Release|Any CPU.Build.0 = Release|Any CPU
		{E190240A-CF52-0FCC-3C71-D0C2B1F2ECF4}.Debug|Any CPU.ActiveCfg = Debug|Any CPU
		{E190240A-CF52-0FCC-3C71-D0C2B1F2ECF4}.Debug|Any CPU.Build.0 = Debug|Any CPU
		{E190240A-CF52-0FCC-3C71-D0C2B1F2ECF4}.Release|Any CPU.ActiveCfg = Release|Any CPU
		{E190240A-CF52-0FCC-3C71-D0C2B1F2ECF4}.Release|Any CPU.Build.0 = Release|Any CPU
		{4A5FEFE8-49B2-9683-E0C0-6C40DD51F3D0}.Debug|Any CPU.ActiveCfg = Debug|Any CPU
		{4A5FEFE8-49B2-9683-E0C0-6C40DD51F3D0}.Debug|Any CPU.Build.0 = Debug|Any CPU
		{4A5FEFE8-49B2-9683-E0C0-6C40DD51F3D0}.Release|Any CPU.ActiveCfg = Release|Any CPU
		{4A5FEFE8-49B2-9683-E0C0-6C40DD51F3D0}.Release|Any CPU.Build.0 = Release|Any CPU
		{CC180244-FA56-9B2B-45FA-FB1A3DE14966}.Debug|Any CPU.ActiveCfg = Debug|Any CPU
		{CC180244-FA56-9B2B-45FA-FB1A3DE14966}.Debug|Any CPU.Build.0 = Debug|Any CPU
		{CC180244-FA56-9B2B-45FA-FB1A3DE14966}.Release|Any CPU.ActiveCfg = Release|Any CPU
		{CC180244-FA56-9B2B-45FA-FB1A3DE14966}.Release|Any CPU.Build.0 = Release|Any CPU
		{D65C05BE-FA20-E629-8A29-60EA26091CAB}.Debug|Any CPU.ActiveCfg = Debug|Any CPU
		{D65C05BE-FA20-E629-8A29-60EA26091CAB}.Debug|Any CPU.Build.0 = Debug|Any CPU
		{D65C05BE-FA20-E629-8A29-60EA26091CAB}.Release|Any CPU.ActiveCfg = Release|Any CPU
		{D65C05BE-FA20-E629-8A29-60EA26091CAB}.Release|Any CPU.Build.0 = Release|Any CPU
	EndGlobalSection
	GlobalSection(SolutionProperties) = preSolution
		HideSolutionNode = FALSE
	EndGlobalSection
EndGlobal
