
Microsoft Visual Studio Solution File, Format Version 12.00
# Visual Studio 15
Project("{FAE04EC0-301F-11D3-BF4B-00C04F79EFBC}") = "UnityEngine.TestRunner", "UnityEngine.TestRunner.csproj", "{939BBC4F-61B3-9077-ADB5-E389F54F3F13}"
EndProject
Project("{FAE04EC0-301F-11D3-BF4B-00C04F79EFBC}") = "Unity.Mathematics", "Unity.Mathematics.csproj", "{3A32FA76-2037-B57C-2927-2A6B3DE16A51}"
EndProject
Project("{FAE04EC0-301F-11D3-BF4B-00C04F79EFBC}") = "Unity.2D.Animation.Triangle.Runtime", "Unity.2D.Animation.Triangle.Runtime.csproj", "{3644AE02-CC0C-D031-8026-A4A046117338}"
EndProject
Project("{FAE04EC0-301F-11D3-BF4B-00C04F79EFBC}") = "Unity.Timeline", "Unity.Timeline.csproj", "{E6BA4E89-7296-4171-5841-E80E28BB4239}"
EndProject
Project("{FAE04EC0-301F-11D3-BF4B-00C04F79EFBC}") = "UnityEngine.UI", "UnityEngine.UI.csproj", "{688BB425-E141-F2AE-5F8F-C2D6D2769CE3}"
EndProject
Project("{FAE04EC0-301F-11D3-BF4B-00C04F79EFBC}") = "Cinemachine", "Cinemachine.csproj", "{92B459A2-DF39-8F62-89CA-450134533D22}"
EndProject
Project("{FAE04EC0-301F-11D3-BF4B-00C04F79EFBC}") = "Unity.TextMeshPro", "Unity.TextMeshPro.csproj", "{0BC64E7B-E36B-E098-652A-DCEDCEF46D6D}"
EndProject
Project("{FAE04EC0-301F-11D3-BF4B-00C04F79EFBC}") = "Unity.2D.Animation.Runtime", "Unity.2D.Animation.Runtime.csproj", "{4235EB12-16C7-9508-8208-44B1A629858C}"
EndProject
Project("{FAE04EC0-301F-11D3-BF4B-00C04F79EFBC}") = "Unity.2D.IK.Runtime", "Unity.2D.IK.Runtime.csproj", "{47FDC2BD-512A-265C-65ED-86C8B712C88B}"
EndProject
Project("{FAE04EC0-301F-11D3-BF4B-00C04F79EFBC}") = "Assembly-CSharp", "Assembly-CSharp.csproj", "{0C525B3D-D9B6-0308-360C-DCE17BA19AD7}"
EndProject
Project("{FAE04EC0-301F-11D3-BF4B-00C04F79EFBC}") = "Unity.2D.SpriteShape.Runtime", "Unity.2D.SpriteShape.Runtime.csproj", "{B166A897-CCF6-1903-C30F-1425232D8564}"
EndProject
Project("{FAE04EC0-301F-11D3-BF4B-00C04F79EFBC}") = "Unity.2D.PixelPerfect", "Unity.2D.PixelPerfect.csproj", "{499DA446-A35E-46BF-D358-BD0C24E2359A}"
EndProject
Project("{FAE04EC0-301F-11D3-BF4B-00C04F79EFBC}") = "Unity.2D.Common.Runtime", "Unity.2D.Common.Runtime.csproj", "{7D8AD042-F0C2-1BA6-7372-508E870CAE31}"
EndProject
Project("{FAE04EC0-301F-11D3-BF4B-00C04F79EFBC}") = "Unity.InternalAPIEngineBridge.001", "Unity.InternalAPIEngineBridge.001.csproj", "{B545B1AF-E1FC-72CF-75F0-9BBDCCFA8B75}"
EndProject
Project("{FAE04EC0-301F-11D3-BF4B-00C04F79EFBC}") = "Unity.RenderPipelines.Core.Runtime", "Unity.RenderPipelines.Core.Runtime.csproj", "{B326A33E-416B-C373-6A58-F9D430ADE1BE}"
EndProject
Project("{FAE04EC0-301F-11D3-BF4B-00C04F79EFBC}") = "Unity.RenderPipelines.Universal.Runtime", "Unity.RenderPipelines.Universal.Runtime.csproj", "{63E42218-32FF-7D91-6582-AF15595509A6}"
EndProject
Project("{FAE04EC0-301F-11D3-BF4B-00C04F79EFBC}") = "Unity.RenderPipelines.Core.ShaderLibrary", "Unity.RenderPipelines.Core.ShaderLibrary.csproj", "{181E8153-1F96-985C-EA59-29B83A9FDD8E}"
EndProject
Project("{FAE04EC0-301F-11D3-BF4B-00C04F79EFBC}") = "Unity.RenderPipelines.Universal.Shaders", "Unity.RenderPipelines.Universal.Shaders.csproj", "{F35C563F-FE21-DC8D-DE4A-103B689DDAD3}"
EndProject
Project("{FAE04EC0-301F-11D3-BF4B-00C04F79EFBC}") = "Unity.RenderPipelines.ShaderGraph.ShaderGraphLibrary", "Unity.RenderPipelines.ShaderGraph.ShaderGraphLibrary.csproj", "{2DC2FABE-B555-EAE6-E5DA-54B8DB793238}"
EndProject
Project("{FAE04EC0-301F-11D3-BF4B-00C04F79EFBC}") = "Unity.RenderPipeline.Universal.ShaderLibrary", "Unity.RenderPipeline.Universal.ShaderLibrary.csproj", "{56F20CBC-6F10-C771-E673-3F79975E9FA6}"
EndProject
Project("{FAE04EC0-301F-11D3-BF4B-00C04F79EFBC}") = "UnityEditor.TestRunner", "UnityEditor.TestRunner.csproj", "{006642D9-DF72-B1DC-0E4C-2E39E3A97F68}"
EndProject
Project("{FAE04EC0-301F-11D3-BF4B-00C04F79EFBC}") = "Unity.PlasticSCM.Editor", "Unity.PlasticSCM.Editor.csproj", "{5603B765-32DA-7DB3-92C9-B202B12D6846}"
EndProject
Project("{FAE04EC0-301F-11D3-BF4B-00C04F79EFBC}") = "UnityEditor.UI", "UnityEditor.UI.csproj", "{B125A43A-70EF-6FED-9347-C15DEC75E811}"
EndProject
Project("{FAE04EC0-301F-11D3-BF4B-00C04F79EFBC}") = "Unity.Services.Core.Editor", "Unity.Services.Core.Editor.csproj", "{AE64C3F8-36AE-7809-5267-6ECDC8D8E72D}"
EndProject
Project("{FAE04EC0-301F-11D3-BF4B-00C04F79EFBC}") = "Unity.Timeline.Editor", "Unity.Timeline.Editor.csproj", "{B8D4AB5D-0691-0E20-6681-E3E86DD5F45B}"
EndProject
Project("{FAE04EC0-301F-11D3-BF4B-00C04F79EFBC}") = "Unity.VisualStudio.Editor", "Unity.VisualStudio.Editor.csproj", "{9D462F0D-1DCA-D615-B544-D70EE3EA5AD3}"
EndProject
Project("{FAE04EC0-301F-11D3-BF4B-00C04F79EFBC}") = "com.unity.cinemachine.editor", "com.unity.cinemachine.editor.csproj", "{946BC5F8-020C-480F-CAD7-A16516FAD937}"
EndProject
Project("{FAE04EC0-301F-11D3-BF4B-00C04F79EFBC}") = "Unity.2D.Psdimporter.Editor", "Unity.2D.Psdimporter.Editor.csproj", "{73C734A9-9732-16DE-F7BD-3727DC155B2A}"
EndProject
Project("{FAE04EC0-301F-11D3-BF4B-00C04F79EFBC}") = "Unity.2D.Animation.Editor", "Unity.2D.Animation.Editor.csproj", "{ADCA8F87-6613-7C24-29F4-5C18F23E392B}"
EndProject
Project("{FAE04EC0-301F-11D3-BF4B-00C04F79EFBC}") = "Unity.TextMeshPro.Editor", "Unity.TextMeshPro.Editor.csproj", "{7D2D9F11-623E-DB0C-5F6B-8CD361EE7306}"
EndProject
Project("{FAE04EC0-301F-11D3-BF4B-00C04F79EFBC}") = "Unity.2D.SpriteShape.Editor", "Unity.2D.SpriteShape.Editor.csproj", "{3839FF3F-AD78-3820-FECC-22033EDCD7B3}"
EndProject
Project("{FAE04EC0-301F-11D3-BF4B-00C04F79EFBC}") = "Unity.CollabProxy.Editor", "Unity.CollabProxy.Editor.csproj", "{EBAEC668-1DB9-2BF6-BF4E-D6428F418A91}"
EndProject
Project("{FAE04EC0-301F-11D3-BF4B-00C04F79EFBC}") = "PsdPlugin", "PsdPlugin.csproj", "{AB487E4B-F60B-4008-2048-6584C4982889}"
EndProject
Project("{FAE04EC0-301F-11D3-BF4B-00C04F79EFBC}") = "Unity.2D.Path.Editor", "Unity.2D.Path.Editor.csproj", "{97376805-9379-720E-06D6-5D38F8E5E248}"
EndProject
Project("{FAE04EC0-301F-11D3-BF4B-00C04F79EFBC}") = "Unity.Rider.Editor", "Unity.Rider.Editor.csproj", "{DF15B7B5-3FF9-7F50-8317-608049DDC124}"
EndProject
Project("{FAE04EC0-301F-11D3-BF4B-00C04F79EFBC}") = "Unity.2D.IK.Editor", "Unity.2D.IK.Editor.csproj", "{F23C9A67-DBFB-63AE-58BA-9F8A3A8737DF}"
EndProject
Project("{FAE04EC0-301F-11D3-BF4B-00C04F79EFBC}") = "Unity.2D.Sprite.Editor", "Unity.2D.Sprite.Editor.csproj", "{7CA9CD99-DE4F-0A4D-54E8-9F6B0BBDC8FE}"
EndProject
Project("{FAE04EC0-301F-11D3-BF4B-00C04F79EFBC}") = "Unity.2D.Tilemap.Editor", "Unity.2D.Tilemap.Editor.csproj", "{680CA5CA-3B22-66BF-9D9B-FC2D11786BA4}"
EndProject
Project("{FAE04EC0-301F-11D3-BF4B-00C04F79EFBC}") = "Unity.2D.PixelPerfect.Editor", "Unity.2D.PixelPerfect.Editor.csproj", "{345F06CA-AF65-49E4-D40F-63C08169344F}"
EndProject
Project("{FAE04EC0-301F-11D3-BF4B-00C04F79EFBC}") = "Unity.VSCode.Editor", "Unity.VSCode.Editor.csproj", "{C0B10435-0473-8441-7BA5-C9B92FD9C8F5}"
EndProject
Project("{FAE04EC0-301F-11D3-BF4B-00C04F79EFBC}") = "Unity.2D.Common.Editor", "Unity.2D.Common.Editor.csproj", "{B465FE84-0B22-5C94-FE83-EA7A8D833408}"
EndProject
Project("{FAE04EC0-301F-11D3-BF4B-00C04F79EFBC}") = "Unity.Mathematics.Editor", "Unity.Mathematics.Editor.csproj", "{F3F5C8C3-D17A-9625-4934-04FC3391FCD4}"
EndProject
Project("{FAE04EC0-301F-11D3-BF4B-00C04F79EFBC}") = "Unity.InternalAPIEditorBridge.001", "Unity.InternalAPIEditorBridge.001.csproj", "{B3F03A0E-AF6B-049C-20E7-E2BDCA41130E}"
EndProject
Project("{FAE04EC0-301F-11D3-BF4B-00C04F79EFBC}") = "Unity.ShaderGraph.Editor", "Unity.ShaderGraph.Editor.csproj", "{ACEA8EBE-8945-943D-8457-70D41759E136}"
EndProject
Project("{FAE04EC0-301F-11D3-BF4B-00C04F79EFBC}") = "Unity.RenderPipelines.Core.Editor", "Unity.RenderPipelines.Core.Editor.csproj", "{45E01465-8A96-01B1-29BE-68DE02EED981}"
EndProject
Project("{FAE04EC0-301F-11D3-BF4B-00C04F79EFBC}") = "Unity.RenderPipelines.Universal.Editor", "Unity.RenderPipelines.Universal.Editor.csproj", "{818ABA6D-D42C-C7DF-2E7C-0D03C7CE0A3F}"
EndProject
Project("{FAE04EC0-301F-11D3-BF4B-00C04F79EFBC}") = "Unity.ShaderGraph.Utilities", "Unity.ShaderGraph.Utilities.csproj", "{92BB6B0C-333D-9E8D-3D7C-03659B046F70}"
EndProject
Project("{FAE04EC0-301F-11D3-BF4B-00C04F79EFBC}") = "Unity.Searcher.Editor", "Unity.Searcher.Editor.csproj", "{E1C28AED-EE5B-22C9-3196-417870D84C2C}"
EndProject
Project("{FAE04EC0-301F-11D3-BF4B-00C04F79EFBC}") = "UnityEngine.TestRunner", "UnityEngine.TestRunner.Player.csproj", "{2ADF1ACA-68EB-7FAB-1716-CAB7BF0DFD53}"
EndProject
Project("{FAE04EC0-301F-11D3-BF4B-00C04F79EFBC}") = "Unity.Mathematics", "Unity.Mathematics.Player.csproj", "{738C7A0C-D731-FE0B-19C8-F73662E1E2B0}"
EndProject
Project("{FAE04EC0-301F-11D3-BF4B-00C04F79EFBC}") = "Unity.2D.Animation.Triangle.Runtime", "Unity.2D.Animation.Triangle.Runtime.Player.csproj", "{C6C6797D-3A99-6DC7-381E-14FCD226DE20}"
EndProject
Project("{FAE04EC0-301F-11D3-BF4B-00C04F79EFBC}") = "Unity.Timeline", "Unity.Timeline.Player.csproj", "{478D722E-95FC-6988-3CD3-E368FB8FB9A1}"
EndProject
Project("{FAE04EC0-301F-11D3-BF4B-00C04F79EFBC}") = "UnityEngine.UI", "UnityEngine.UI.Player.csproj", "{050373B3-538A-4EE5-28D9-9F3A9D19074E}"
EndProject
Project("{FAE04EC0-301F-11D3-BF4B-00C04F79EFBC}") = "Cinemachine", "Cinemachine.Player.csproj", "{E46043A6-129D-5F01-AA49-86DF1D292F16}"
EndProject
Project("{FAE04EC0-301F-11D3-BF4B-00C04F79EFBC}") = "Unity.TextMeshPro", "Unity.TextMeshPro.Player.csproj", "{DB87880C-9DD5-D9BB-C6AA-A52EAACC2CC2}"
EndProject
Project("{FAE04EC0-301F-11D3-BF4B-00C04F79EFBC}") = "Unity.2D.Animation.Runtime", "Unity.2D.Animation.Runtime.Player.csproj", "{EEFA4C88-577A-1CA4-620D-CCBF61DAB60D}"
EndProject
Project("{FAE04EC0-301F-11D3-BF4B-00C04F79EFBC}") = "Unity.2D.IK.Runtime", "Unity.2D.IK.Runtime.Player.csproj", "{DBD6EB2C-FA23-51DA-F781-C67080AF3A4F}"
EndProject
Project("{FAE04EC0-301F-11D3-BF4B-00C04F79EFBC}") = "Assembly-CSharp", "Assembly-CSharp.Player.csproj", "{52C31937-9880-2B25-1B58-E5A4C2B47224}"
EndProject
Project("{FAE04EC0-301F-11D3-BF4B-00C04F79EFBC}") = "Unity.2D.SpriteShape.Runtime", "Unity.2D.SpriteShape.Runtime.Player.csproj", "{C1F9A311-C15D-58D8-6031-B5B213B72889}"
EndProject
Project("{FAE04EC0-301F-11D3-BF4B-00C04F79EFBC}") = "Unity.2D.PixelPerfect", "Unity.2D.PixelPerfect.Player.csproj", "{7183F18B-1B60-AAE8-38DD-EBE3380DB67E}"
EndProject
Project("{FAE04EC0-301F-11D3-BF4B-00C04F79EFBC}") = "Unity.2D.Common.Runtime", "Unity.2D.Common.Runtime.Player.csproj", "{67D4C75B-0907-919C-2841-A56D99E3CE49}"
EndProject
Project("{FAE04EC0-301F-11D3-BF4B-00C04F79EFBC}") = "Unity.InternalAPIEngineBridge.001", "Unity.InternalAPIEngineBridge.001.Player.csproj", "{96A57C98-4FA5-0FC2-57F7-27C987DD4461}"
EndProject
Project("{FAE04EC0-301F-11D3-BF4B-00C04F79EFBC}") = "Unity.RenderPipelines.Core.Runtime", "Unity.RenderPipelines.Core.Runtime.Player.csproj", "{33810072-B874-CCF7-4AEB-FB62E2551D7F}"
EndProject
Project("{FAE04EC0-301F-11D3-BF4B-00C04F79EFBC}") = "Unity.RenderPipelines.Universal.Runtime", "Unity.RenderPipelines.Universal.Runtime.Player.csproj", "{6FA46B8C-8A89-8427-92DE-9E2E06D83CC5}"
EndProject
Project("{FAE04EC0-301F-11D3-BF4B-00C04F79EFBC}") = "Unity.RenderPipelines.Core.ShaderLibrary", "Unity.RenderPipelines.Core.ShaderLibrary.Player.csproj", "{E91D7F7F-D9E4-F24C-FFE4-32AD695189B8}"
EndProject
Project("{FAE04EC0-301F-11D3-BF4B-00C04F79EFBC}") = "Unity.RenderPipelines.Universal.Shaders", "Unity.RenderPipelines.Universal.Shaders.Player.csproj", "{3A194E0E-BD34-1276-DE38-8BB0FCF15364}"
EndProject
Project("{FAE04EC0-301F-11D3-BF4B-00C04F79EFBC}") = "Unity.RenderPipelines.ShaderGraph.ShaderGraphLibrary", "Unity.RenderPipelines.ShaderGraph.ShaderGraphLibrary.Player.csproj", "{A555B813-65EE-065F-73E5-5699CACB6CE9}"
EndProject
Project("{FAE04EC0-301F-11D3-BF4B-00C04F79EFBC}") = "Unity.RenderPipeline.Universal.ShaderLibrary", "Unity.RenderPipeline.Universal.ShaderLibrary.Player.csproj", "{730783BE-D874-B2D3-8F19-2D8E64169F34}"
EndProject
Global
	GlobalSection(SolutionConfigurationPlatforms) = preSolution
		Debug|Any CPU = Debug|Any CPU
		Release|Any CPU = Release|Any CPU
	EndGlobalSection
	GlobalSection(ProjectConfigurationPlatforms) = postSolution
		{939BBC4F-61B3-9077-ADB5-E389F54F3F13}.Debug|Any CPU.ActiveCfg = Debug|Any CPU
		{939BBC4F-61B3-9077-ADB5-E389F54F3F13}.Debug|Any CPU.Build.0 = Debug|Any CPU
		{939BBC4F-61B3-9077-ADB5-E389F54F3F13}.Release|Any CPU.ActiveCfg = Release|Any CPU
		{939BBC4F-61B3-9077-ADB5-E389F54F3F13}.Release|Any CPU.Build.0 = Release|Any CPU
		{3A32FA76-2037-B57C-2927-2A6B3DE16A51}.Debug|Any CPU.ActiveCfg = Debug|Any CPU
		{3A32FA76-2037-B57C-2927-2A6B3DE16A51}.Debug|Any CPU.Build.0 = Debug|Any CPU
		{3A32FA76-2037-B57C-2927-2A6B3DE16A51}.Release|Any CPU.ActiveCfg = Release|Any CPU
		{3A32FA76-2037-B57C-2927-2A6B3DE16A51}.Release|Any CPU.Build.0 = Release|Any CPU
		{3644AE02-CC0C-D031-8026-A4A046117338}.Debug|Any CPU.ActiveCfg = Debug|Any CPU
		{3644AE02-CC0C-D031-8026-A4A046117338}.Debug|Any CPU.Build.0 = Debug|Any CPU
		{3644AE02-CC0C-D031-8026-A4A046117338}.Release|Any CPU.ActiveCfg = Release|Any CPU
		{3644AE02-CC0C-D031-8026-A4A046117338}.Release|Any CPU.Build.0 = Release|Any CPU
		{E6BA4E89-7296-4171-5841-E80E28BB4239}.Debug|Any CPU.ActiveCfg = Debug|Any CPU
		{E6BA4E89-7296-4171-5841-E80E28BB4239}.Debug|Any CPU.Build.0 = Debug|Any CPU
		{E6BA4E89-7296-4171-5841-E80E28BB4239}.Release|Any CPU.ActiveCfg = Release|Any CPU
		{E6BA4E89-7296-4171-5841-E80E28BB4239}.Release|Any CPU.Build.0 = Release|Any CPU
		{688BB425-E141-F2AE-5F8F-C2D6D2769CE3}.Debug|Any CPU.ActiveCfg = Debug|Any CPU
		{688BB425-E141-F2AE-5F8F-C2D6D2769CE3}.Debug|Any CPU.Build.0 = Debug|Any CPU
		{688BB425-E141-F2AE-5F8F-C2D6D2769CE3}.Release|Any CPU.ActiveCfg = Release|Any CPU
		{688BB425-E141-F2AE-5F8F-C2D6D2769CE3}.Release|Any CPU.Build.0 = Release|Any CPU
		{92B459A2-DF39-8F62-89CA-450134533D22}.Debug|Any CPU.ActiveCfg = Debug|Any CPU
		{92B459A2-DF39-8F62-89CA-450134533D22}.Debug|Any CPU.Build.0 = Debug|Any CPU
		{92B459A2-DF39-8F62-89CA-450134533D22}.Release|Any CPU.ActiveCfg = Release|Any CPU
		{92B459A2-DF39-8F62-89CA-450134533D22}.Release|Any CPU.Build.0 = Release|Any CPU
		{0BC64E7B-E36B-E098-652A-DCEDCEF46D6D}.Debug|Any CPU.ActiveCfg = Debug|Any CPU
		{0BC64E7B-E36B-E098-652A-DCEDCEF46D6D}.Debug|Any CPU.Build.0 = Debug|Any CPU
		{0BC64E7B-E36B-E098-652A-DCEDCEF46D6D}.Release|Any CPU.ActiveCfg = Release|Any CPU
		{0BC64E7B-E36B-E098-652A-DCEDCEF46D6D}.Release|Any CPU.Build.0 = Release|Any CPU
		{4235EB12-16C7-9508-8208-44B1A629858C}.Debug|Any CPU.ActiveCfg = Debug|Any CPU
		{4235EB12-16C7-9508-8208-44B1A629858C}.Debug|Any CPU.Build.0 = Debug|Any CPU
		{4235EB12-16C7-9508-8208-44B1A629858C}.Release|Any CPU.ActiveCfg = Release|Any CPU
		{4235EB12-16C7-9508-8208-44B1A629858C}.Release|Any CPU.Build.0 = Release|Any CPU
		{47FDC2BD-512A-265C-65ED-86C8B712C88B}.Debug|Any CPU.ActiveCfg = Debug|Any CPU
		{47FDC2BD-512A-265C-65ED-86C8B712C88B}.Debug|Any CPU.Build.0 = Debug|Any CPU
		{47FDC2BD-512A-265C-65ED-86C8B712C88B}.Release|Any CPU.ActiveCfg = Release|Any CPU
		{47FDC2BD-512A-265C-65ED-86C8B712C88B}.Release|Any CPU.Build.0 = Release|Any CPU
		{0C525B3D-D9B6-0308-360C-DCE17BA19AD7}.Debug|Any CPU.ActiveCfg = Debug|Any CPU
		{0C525B3D-D9B6-0308-360C-DCE17BA19AD7}.Debug|Any CPU.Build.0 = Debug|Any CPU
		{0C525B3D-D9B6-0308-360C-DCE17BA19AD7}.Release|Any CPU.ActiveCfg = Release|Any CPU
		{0C525B3D-D9B6-0308-360C-DCE17BA19AD7}.Release|Any CPU.Build.0 = Release|Any CPU
		{B166A897-CCF6-1903-C30F-1425232D8564}.Debug|Any CPU.ActiveCfg = Debug|Any CPU
		{B166A897-CCF6-1903-C30F-1425232D8564}.Debug|Any CPU.Build.0 = Debug|Any CPU
		{B166A897-CCF6-1903-C30F-1425232D8564}.Release|Any CPU.ActiveCfg = Release|Any CPU
		{B166A897-CCF6-1903-C30F-1425232D8564}.Release|Any CPU.Build.0 = Release|Any CPU
		{499DA446-A35E-46BF-D358-BD0C24E2359A}.Debug|Any CPU.ActiveCfg = Debug|Any CPU
		{499DA446-A35E-46BF-D358-BD0C24E2359A}.Debug|Any CPU.Build.0 = Debug|Any CPU
		{499DA446-A35E-46BF-D358-BD0C24E2359A}.Release|Any CPU.ActiveCfg = Release|Any CPU
		{499DA446-A35E-46BF-D358-BD0C24E2359A}.Release|Any CPU.Build.0 = Release|Any CPU
		{7D8AD042-F0C2-1BA6-7372-508E870CAE31}.Debug|Any CPU.ActiveCfg = Debug|Any CPU
		{7D8AD042-F0C2-1BA6-7372-508E870CAE31}.Debug|Any CPU.Build.0 = Debug|Any CPU
		{7D8AD042-F0C2-1BA6-7372-508E870CAE31}.Release|Any CPU.ActiveCfg = Release|Any CPU
		{7D8AD042-F0C2-1BA6-7372-508E870CAE31}.Release|Any CPU.Build.0 = Release|Any CPU
		{B545B1AF-E1FC-72CF-75F0-9BBDCCFA8B75}.Debug|Any CPU.ActiveCfg = Debug|Any CPU
		{B545B1AF-E1FC-72CF-75F0-9BBDCCFA8B75}.Debug|Any CPU.Build.0 = Debug|Any CPU
		{B545B1AF-E1FC-72CF-75F0-9BBDCCFA8B75}.Release|Any CPU.ActiveCfg = Release|Any CPU
		{B545B1AF-E1FC-72CF-75F0-9BBDCCFA8B75}.Release|Any CPU.Build.0 = Release|Any CPU
		{B326A33E-416B-C373-6A58-F9D430ADE1BE}.Debug|Any CPU.ActiveCfg = Debug|Any CPU
		{B326A33E-416B-C373-6A58-F9D430ADE1BE}.Debug|Any CPU.Build.0 = Debug|Any CPU
		{B326A33E-416B-C373-6A58-F9D430ADE1BE}.Release|Any CPU.ActiveCfg = Release|Any CPU
		{B326A33E-416B-C373-6A58-F9D430ADE1BE}.Release|Any CPU.Build.0 = Release|Any CPU
		{63E42218-32FF-7D91-6582-AF15595509A6}.Debug|Any CPU.ActiveCfg = Debug|Any CPU
		{63E42218-32FF-7D91-6582-AF15595509A6}.Debug|Any CPU.Build.0 = Debug|Any CPU
		{63E42218-32FF-7D91-6582-AF15595509A6}.Release|Any CPU.ActiveCfg = Release|Any CPU
		{63E42218-32FF-7D91-6582-AF15595509A6}.Release|Any CPU.Build.0 = Release|Any CPU
		{181E8153-1F96-985C-EA59-29B83A9FDD8E}.Debug|Any CPU.ActiveCfg = Debug|Any CPU
		{181E8153-1F96-985C-EA59-29B83A9FDD8E}.Debug|Any CPU.Build.0 = Debug|Any CPU
		{181E8153-1F96-985C-EA59-29B83A9FDD8E}.Release|Any CPU.ActiveCfg = Release|Any CPU
		{181E8153-1F96-985C-EA59-29B83A9FDD8E}.Release|Any CPU.Build.0 = Release|Any CPU
		{F35C563F-FE21-DC8D-DE4A-103B689DDAD3}.Debug|Any CPU.ActiveCfg = Debug|Any CPU
		{F35C563F-FE21-DC8D-DE4A-103B689DDAD3}.Debug|Any CPU.Build.0 = Debug|Any CPU
		{F35C563F-FE21-DC8D-DE4A-103B689DDAD3}.Release|Any CPU.ActiveCfg = Release|Any CPU
		{F35C563F-FE21-DC8D-DE4A-103B689DDAD3}.Release|Any CPU.Build.0 = Release|Any CPU
		{2DC2FABE-B555-EAE6-E5DA-54B8DB793238}.Debug|Any CPU.ActiveCfg = Debug|Any CPU
		{2DC2FABE-B555-EAE6-E5DA-54B8DB793238}.Debug|Any CPU.Build.0 = Debug|Any CPU
		{2DC2FABE-B555-EAE6-E5DA-54B8DB793238}.Release|Any CPU.ActiveCfg = Release|Any CPU
		{2DC2FABE-B555-EAE6-E5DA-54B8DB793238}.Release|Any CPU.Build.0 = Release|Any CPU
		{56F20CBC-6F10-C771-E673-3F79975E9FA6}.Debug|Any CPU.ActiveCfg = Debug|Any CPU
		{56F20CBC-6F10-C771-E673-3F79975E9FA6}.Debug|Any CPU.Build.0 = Debug|Any CPU
		{56F20CBC-6F10-C771-E673-3F79975E9FA6}.Release|Any CPU.ActiveCfg = Release|Any CPU
		{56F20CBC-6F10-C771-E673-3F79975E9FA6}.Release|Any CPU.Build.0 = Release|Any CPU
		{006642D9-DF72-B1DC-0E4C-2E39E3A97F68}.Debug|Any CPU.ActiveCfg = Debug|Any CPU
		{006642D9-DF72-B1DC-0E4C-2E39E3A97F68}.Debug|Any CPU.Build.0 = Debug|Any CPU
		{006642D9-DF72-B1DC-0E4C-2E39E3A97F68}.Release|Any CPU.ActiveCfg = Release|Any CPU
		{006642D9-DF72-B1DC-0E4C-2E39E3A97F68}.Release|Any CPU.Build.0 = Release|Any CPU
		{5603B765-32DA-7DB3-92C9-B202B12D6846}.Debug|Any CPU.ActiveCfg = Debug|Any CPU
		{5603B765-32DA-7DB3-92C9-B202B12D6846}.Debug|Any CPU.Build.0 = Debug|Any CPU
		{5603B765-32DA-7DB3-92C9-B202B12D6846}.Release|Any CPU.ActiveCfg = Release|Any CPU
		{5603B765-32DA-7DB3-92C9-B202B12D6846}.Release|Any CPU.Build.0 = Release|Any CPU
		{B125A43A-70EF-6FED-9347-C15DEC75E811}.Debug|Any CPU.ActiveCfg = Debug|Any CPU
		{B125A43A-70EF-6FED-9347-C15DEC75E811}.Debug|Any CPU.Build.0 = Debug|Any CPU
		{B125A43A-70EF-6FED-9347-C15DEC75E811}.Release|Any CPU.ActiveCfg = Release|Any CPU
		{B125A43A-70EF-6FED-9347-C15DEC75E811}.Release|Any CPU.Build.0 = Release|Any CPU
		{AE64C3F8-36AE-7809-5267-6ECDC8D8E72D}.Debug|Any CPU.ActiveCfg = Debug|Any CPU
		{AE64C3F8-36AE-7809-5267-6ECDC8D8E72D}.Debug|Any CPU.Build.0 = Debug|Any CPU
		{AE64C3F8-36AE-7809-5267-6ECDC8D8E72D}.Release|Any CPU.ActiveCfg = Release|Any CPU
		{AE64C3F8-36AE-7809-5267-6ECDC8D8E72D}.Release|Any CPU.Build.0 = Release|Any CPU
		{B8D4AB5D-0691-0E20-6681-E3E86DD5F45B}.Debug|Any CPU.ActiveCfg = Debug|Any CPU
		{B8D4AB5D-0691-0E20-6681-E3E86DD5F45B}.Debug|Any CPU.Build.0 = Debug|Any CPU
		{B8D4AB5D-0691-0E20-6681-E3E86DD5F45B}.Release|Any CPU.ActiveCfg = Release|Any CPU
		{B8D4AB5D-0691-0E20-6681-E3E86DD5F45B}.Release|Any CPU.Build.0 = Release|Any CPU
		{9D462F0D-1DCA-D615-B544-D70EE3EA5AD3}.Debug|Any CPU.ActiveCfg = Debug|Any CPU
		{9D462F0D-1DCA-D615-B544-D70EE3EA5AD3}.Debug|Any CPU.Build.0 = Debug|Any CPU
		{9D462F0D-1DCA-D615-B544-D70EE3EA5AD3}.Release|Any CPU.ActiveCfg = Release|Any CPU
		{9D462F0D-1DCA-D615-B544-D70EE3EA5AD3}.Release|Any CPU.Build.0 = Release|Any CPU
		{946BC5F8-020C-480F-CAD7-A16516FAD937}.Debug|Any CPU.ActiveCfg = Debug|Any CPU
		{946BC5F8-020C-480F-CAD7-A16516FAD937}.Debug|Any CPU.Build.0 = Debug|Any CPU
		{946BC5F8-020C-480F-CAD7-A16516FAD937}.Release|Any CPU.ActiveCfg = Release|Any CPU
		{946BC5F8-020C-480F-CAD7-A16516FAD937}.Release|Any CPU.Build.0 = Release|Any CPU
		{73C734A9-9732-16DE-F7BD-3727DC155B2A}.Debug|Any CPU.ActiveCfg = Debug|Any CPU
		{73C734A9-9732-16DE-F7BD-3727DC155B2A}.Debug|Any CPU.Build.0 = Debug|Any CPU
		{73C734A9-9732-16DE-F7BD-3727DC155B2A}.Release|Any CPU.ActiveCfg = Release|Any CPU
		{73C734A9-9732-16DE-F7BD-3727DC155B2A}.Release|Any CPU.Build.0 = Release|Any CPU
		{ADCA8F87-6613-7C24-29F4-5C18F23E392B}.Debug|Any CPU.ActiveCfg = Debug|Any CPU
		{ADCA8F87-6613-7C24-29F4-5C18F23E392B}.Debug|Any CPU.Build.0 = Debug|Any CPU
		{ADCA8F87-6613-7C24-29F4-5C18F23E392B}.Release|Any CPU.ActiveCfg = Release|Any CPU
		{ADCA8F87-6613-7C24-29F4-5C18F23E392B}.Release|Any CPU.Build.0 = Release|Any CPU
		{7D2D9F11-623E-DB0C-5F6B-8CD361EE7306}.Debug|Any CPU.ActiveCfg = Debug|Any CPU
		{7D2D9F11-623E-DB0C-5F6B-8CD361EE7306}.Debug|Any CPU.Build.0 = Debug|Any CPU
		{7D2D9F11-623E-DB0C-5F6B-8CD361EE7306}.Release|Any CPU.ActiveCfg = Release|Any CPU
		{7D2D9F11-623E-DB0C-5F6B-8CD361EE7306}.Release|Any CPU.Build.0 = Release|Any CPU
		{3839FF3F-AD78-3820-FECC-22033EDCD7B3}.Debug|Any CPU.ActiveCfg = Debug|Any CPU
		{3839FF3F-AD78-3820-FECC-22033EDCD7B3}.Debug|Any CPU.Build.0 = Debug|Any CPU
		{3839FF3F-AD78-3820-FECC-22033EDCD7B3}.Release|Any CPU.ActiveCfg = Release|Any CPU
		{3839FF3F-AD78-3820-FECC-22033EDCD7B3}.Release|Any CPU.Build.0 = Release|Any CPU
		{EBAEC668-1DB9-2BF6-BF4E-D6428F418A91}.Debug|Any CPU.ActiveCfg = Debug|Any CPU
		{EBAEC668-1DB9-2BF6-BF4E-D6428F418A91}.Debug|Any CPU.Build.0 = Debug|Any CPU
		{EBAEC668-1DB9-2BF6-BF4E-D6428F418A91}.Release|Any CPU.ActiveCfg = Release|Any CPU
		{EBAEC668-1DB9-2BF6-BF4E-D6428F418A91}.Release|Any CPU.Build.0 = Release|Any CPU
		{AB487E4B-F60B-4008-2048-6584C4982889}.Debug|Any CPU.ActiveCfg = Debug|Any CPU
		{AB487E4B-F60B-4008-2048-6584C4982889}.Debug|Any CPU.Build.0 = Debug|Any CPU
		{AB487E4B-F60B-4008-2048-6584C4982889}.Release|Any CPU.ActiveCfg = Release|Any CPU
		{AB487E4B-F60B-4008-2048-6584C4982889}.Release|Any CPU.Build.0 = Release|Any CPU
		{97376805-9379-720E-06D6-5D38F8E5E248}.Debug|Any CPU.ActiveCfg = Debug|Any CPU
		{97376805-9379-720E-06D6-5D38F8E5E248}.Debug|Any CPU.Build.0 = Debug|Any CPU
		{97376805-9379-720E-06D6-5D38F8E5E248}.Release|Any CPU.ActiveCfg = Release|Any CPU
		{97376805-9379-720E-06D6-5D38F8E5E248}.Release|Any CPU.Build.0 = Release|Any CPU
		{DF15B7B5-3FF9-7F50-8317-608049DDC124}.Debug|Any CPU.ActiveCfg = Debug|Any CPU
		{DF15B7B5-3FF9-7F50-8317-608049DDC124}.Debug|Any CPU.Build.0 = Debug|Any CPU
		{DF15B7B5-3FF9-7F50-8317-608049DDC124}.Release|Any CPU.ActiveCfg = Release|Any CPU
		{DF15B7B5-3FF9-7F50-8317-608049DDC124}.Release|Any CPU.Build.0 = Release|Any CPU
		{F23C9A67-DBFB-63AE-58BA-9F8A3A8737DF}.Debug|Any CPU.ActiveCfg = Debug|Any CPU
		{F23C9A67-DBFB-63AE-58BA-9F8A3A8737DF}.Debug|Any CPU.Build.0 = Debug|Any CPU
		{F23C9A67-DBFB-63AE-58BA-9F8A3A8737DF}.Release|Any CPU.ActiveCfg = Release|Any CPU
		{F23C9A67-DBFB-63AE-58BA-9F8A3A8737DF}.Release|Any CPU.Build.0 = Release|Any CPU
		{7CA9CD99-DE4F-0A4D-54E8-9F6B0BBDC8FE}.Debug|Any CPU.ActiveCfg = Debug|Any CPU
		{7CA9CD99-DE4F-0A4D-54E8-9F6B0BBDC8FE}.Debug|Any CPU.Build.0 = Debug|Any CPU
		{7CA9CD99-DE4F-0A4D-54E8-9F6B0BBDC8FE}.Release|Any CPU.ActiveCfg = Release|Any CPU
		{7CA9CD99-DE4F-0A4D-54E8-9F6B0BBDC8FE}.Release|Any CPU.Build.0 = Release|Any CPU
		{680CA5CA-3B22-66BF-9D9B-FC2D11786BA4}.Debug|Any CPU.ActiveCfg = Debug|Any CPU
		{680CA5CA-3B22-66BF-9D9B-FC2D11786BA4}.Debug|Any CPU.Build.0 = Debug|Any CPU
		{680CA5CA-3B22-66BF-9D9B-FC2D11786BA4}.Release|Any CPU.ActiveCfg = Release|Any CPU
		{680CA5CA-3B22-66BF-9D9B-FC2D11786BA4}.Release|Any CPU.Build.0 = Release|Any CPU
		{345F06CA-AF65-49E4-D40F-63C08169344F}.Debug|Any CPU.ActiveCfg = Debug|Any CPU
		{345F06CA-AF65-49E4-D40F-63C08169344F}.Debug|Any CPU.Build.0 = Debug|Any CPU
		{345F06CA-AF65-49E4-D40F-63C08169344F}.Release|Any CPU.ActiveCfg = Release|Any CPU
		{345F06CA-AF65-49E4-D40F-63C08169344F}.Release|Any CPU.Build.0 = Release|Any CPU
		{C0B10435-0473-8441-7BA5-C9B92FD9C8F5}.Debug|Any CPU.ActiveCfg = Debug|Any CPU
		{C0B10435-0473-8441-7BA5-C9B92FD9C8F5}.Debug|Any CPU.Build.0 = Debug|Any CPU
		{C0B10435-0473-8441-7BA5-C9B92FD9C8F5}.Release|Any CPU.ActiveCfg = Release|Any CPU
		{C0B10435-0473-8441-7BA5-C9B92FD9C8F5}.Release|Any CPU.Build.0 = Release|Any CPU
		{B465FE84-0B22-5C94-FE83-EA7A8D833408}.Debug|Any CPU.ActiveCfg = Debug|Any CPU
		{B465FE84-0B22-5C94-FE83-EA7A8D833408}.Debug|Any CPU.Build.0 = Debug|Any CPU
		{B465FE84-0B22-5C94-FE83-EA7A8D833408}.Release|Any CPU.ActiveCfg = Release|Any CPU
		{B465FE84-0B22-5C94-FE83-EA7A8D833408}.Release|Any CPU.Build.0 = Release|Any CPU
		{F3F5C8C3-D17A-9625-4934-04FC3391FCD4}.Debug|Any CPU.ActiveCfg = Debug|Any CPU
		{F3F5C8C3-D17A-9625-4934-04FC3391FCD4}.Debug|Any CPU.Build.0 = Debug|Any CPU
		{F3F5C8C3-D17A-9625-4934-04FC3391FCD4}.Release|Any CPU.ActiveCfg = Release|Any CPU
		{F3F5C8C3-D17A-9625-4934-04FC3391FCD4}.Release|Any CPU.Build.0 = Release|Any CPU
		{B3F03A0E-AF6B-049C-20E7-E2BDCA41130E}.Debug|Any CPU.ActiveCfg = Debug|Any CPU
		{B3F03A0E-AF6B-049C-20E7-E2BDCA41130E}.Debug|Any CPU.Build.0 = Debug|Any CPU
		{B3F03A0E-AF6B-049C-20E7-E2BDCA41130E}.Release|Any CPU.ActiveCfg = Release|Any CPU
		{B3F03A0E-AF6B-049C-20E7-E2BDCA41130E}.Release|Any CPU.Build.0 = Release|Any CPU
		{ACEA8EBE-8945-943D-8457-70D41759E136}.Debug|Any CPU.ActiveCfg = Debug|Any CPU
		{ACEA8EBE-8945-943D-8457-70D41759E136}.Debug|Any CPU.Build.0 = Debug|Any CPU
		{ACEA8EBE-8945-943D-8457-70D41759E136}.Release|Any CPU.ActiveCfg = Release|Any CPU
		{ACEA8EBE-8945-943D-8457-70D41759E136}.Release|Any CPU.Build.0 = Release|Any CPU
		{45E01465-8A96-01B1-29BE-68DE02EED981}.Debug|Any CPU.ActiveCfg = Debug|Any CPU
		{45E01465-8A96-01B1-29BE-68DE02EED981}.Debug|Any CPU.Build.0 = Debug|Any CPU
		{45E01465-8A96-01B1-29BE-68DE02EED981}.Release|Any CPU.ActiveCfg = Release|Any CPU
		{45E01465-8A96-01B1-29BE-68DE02EED981}.Release|Any CPU.Build.0 = Release|Any CPU
		{818ABA6D-D42C-C7DF-2E7C-0D03C7CE0A3F}.Debug|Any CPU.ActiveCfg = Debug|Any CPU
		{818ABA6D-D42C-C7DF-2E7C-0D03C7CE0A3F}.Debug|Any CPU.Build.0 = Debug|Any CPU
		{818ABA6D-D42C-C7DF-2E7C-0D03C7CE0A3F}.Release|Any CPU.ActiveCfg = Release|Any CPU
		{818ABA6D-D42C-C7DF-2E7C-0D03C7CE0A3F}.Release|Any CPU.Build.0 = Release|Any CPU
		{92BB6B0C-333D-9E8D-3D7C-03659B046F70}.Debug|Any CPU.ActiveCfg = Debug|Any CPU
		{92BB6B0C-333D-9E8D-3D7C-03659B046F70}.Debug|Any CPU.Build.0 = Debug|Any CPU
		{92BB6B0C-333D-9E8D-3D7C-03659B046F70}.Release|Any CPU.ActiveCfg = Release|Any CPU
		{92BB6B0C-333D-9E8D-3D7C-03659B046F70}.Release|Any CPU.Build.0 = Release|Any CPU
		{E1C28AED-EE5B-22C9-3196-417870D84C2C}.Debug|Any CPU.ActiveCfg = Debug|Any CPU
		{E1C28AED-EE5B-22C9-3196-417870D84C2C}.Debug|Any CPU.Build.0 = Debug|Any CPU
		{E1C28AED-EE5B-22C9-3196-417870D84C2C}.Release|Any CPU.ActiveCfg = Release|Any CPU
		{E1C28AED-EE5B-22C9-3196-417870D84C2C}.Release|Any CPU.Build.0 = Release|Any CPU
		{2ADF1ACA-68EB-7FAB-1716-CAB7BF0DFD53}.Debug|Any CPU.ActiveCfg = Debug|Any CPU
		{2ADF1ACA-68EB-7FAB-1716-CAB7BF0DFD53}.Debug|Any CPU.Build.0 = Debug|Any CPU
		{2ADF1ACA-68EB-7FAB-1716-CAB7BF0DFD53}.Release|Any CPU.ActiveCfg = Release|Any CPU
		{2ADF1ACA-68EB-7FAB-1716-CAB7BF0DFD53}.Release|Any CPU.Build.0 = Release|Any CPU
		{738C7A0C-D731-FE0B-19C8-F73662E1E2B0}.Debug|Any CPU.ActiveCfg = Debug|Any CPU
		{738C7A0C-D731-FE0B-19C8-F73662E1E2B0}.Debug|Any CPU.Build.0 = Debug|Any CPU
		{738C7A0C-D731-FE0B-19C8-F73662E1E2B0}.Release|Any CPU.ActiveCfg = Release|Any CPU
		{738C7A0C-D731-FE0B-19C8-F73662E1E2B0}.Release|Any CPU.Build.0 = Release|Any CPU
		{C6C6797D-3A99-6DC7-381E-14FCD226DE20}.Debug|Any CPU.ActiveCfg = Debug|Any CPU
		{C6C6797D-3A99-6DC7-381E-14FCD226DE20}.Debug|Any CPU.Build.0 = Debug|Any CPU
		{C6C6797D-3A99-6DC7-381E-14FCD226DE20}.Release|Any CPU.ActiveCfg = Release|Any CPU
		{C6C6797D-3A99-6DC7-381E-14FCD226DE20}.Release|Any CPU.Build.0 = Release|Any CPU
		{478D722E-95FC-6988-3CD3-E368FB8FB9A1}.Debug|Any CPU.ActiveCfg = Debug|Any CPU
		{478D722E-95FC-6988-3CD3-E368FB8FB9A1}.Debug|Any CPU.Build.0 = Debug|Any CPU
		{478D722E-95FC-6988-3CD3-E368FB8FB9A1}.Release|Any CPU.ActiveCfg = Release|Any CPU
		{478D722E-95FC-6988-3CD3-E368FB8FB9A1}.Release|Any CPU.Build.0 = Release|Any CPU
		{050373B3-538A-4EE5-28D9-9F3A9D19074E}.Debug|Any CPU.ActiveCfg = Debug|Any CPU
		{050373B3-538A-4EE5-28D9-9F3A9D19074E}.Debug|Any CPU.Build.0 = Debug|Any CPU
		{050373B3-538A-4EE5-28D9-9F3A9D19074E}.Release|Any CPU.ActiveCfg = Release|Any CPU
		{050373B3-538A-4EE5-28D9-9F3A9D19074E}.Release|Any CPU.Build.0 = Release|Any CPU
		{E46043A6-129D-5F01-AA49-86DF1D292F16}.Debug|Any CPU.ActiveCfg = Debug|Any CPU
		{E46043A6-129D-5F01-AA49-86DF1D292F16}.Debug|Any CPU.Build.0 = Debug|Any CPU
		{E46043A6-129D-5F01-AA49-86DF1D292F16}.Release|Any CPU.ActiveCfg = Release|Any CPU
		{E46043A6-129D-5F01-AA49-86DF1D292F16}.Release|Any CPU.Build.0 = Release|Any CPU
		{DB87880C-9DD5-D9BB-C6AA-A52EAACC2CC2}.Debug|Any CPU.ActiveCfg = Debug|Any CPU
		{DB87880C-9DD5-D9BB-C6AA-A52EAACC2CC2}.Debug|Any CPU.Build.0 = Debug|Any CPU
		{DB87880C-9DD5-D9BB-C6AA-A52EAACC2CC2}.Release|Any CPU.ActiveCfg = Release|Any CPU
		{DB87880C-9DD5-D9BB-C6AA-A52EAACC2CC2}.Release|Any CPU.Build.0 = Release|Any CPU
		{EEFA4C88-577A-1CA4-620D-CCBF61DAB60D}.Debug|Any CPU.ActiveCfg = Debug|Any CPU
		{EEFA4C88-577A-1CA4-620D-CCBF61DAB60D}.Debug|Any CPU.Build.0 = Debug|Any CPU
		{EEFA4C88-577A-1CA4-620D-CCBF61DAB60D}.Release|Any CPU.ActiveCfg = Release|Any CPU
		{EEFA4C88-577A-1CA4-620D-CCBF61DAB60D}.Release|Any CPU.Build.0 = Release|Any CPU
		{DBD6EB2C-FA23-51DA-F781-C67080AF3A4F}.Debug|Any CPU.ActiveCfg = Debug|Any CPU
		{DBD6EB2C-FA23-51DA-F781-C67080AF3A4F}.Debug|Any CPU.Build.0 = Debug|Any CPU
		{DBD6EB2C-FA23-51DA-F781-C67080AF3A4F}.Release|Any CPU.ActiveCfg = Release|Any CPU
		{DBD6EB2C-FA23-51DA-F781-C67080AF3A4F}.Release|Any CPU.Build.0 = Release|Any CPU
		{52C31937-9880-2B25-1B58-E5A4C2B47224}.Debug|Any CPU.ActiveCfg = Debug|Any CPU
		{52C31937-9880-2B25-1B58-E5A4C2B47224}.Debug|Any CPU.Build.0 = Debug|Any CPU
		{52C31937-9880-2B25-1B58-E5A4C2B47224}.Release|Any CPU.ActiveCfg = Release|Any CPU
		{52C31937-9880-2B25-1B58-E5A4C2B47224}.Release|Any CPU.Build.0 = Release|Any CPU
		{C1F9A311-C15D-58D8-6031-B5B213B72889}.Debug|Any CPU.ActiveCfg = Debug|Any CPU
		{C1F9A311-C15D-58D8-6031-B5B213B72889}.Debug|Any CPU.Build.0 = Debug|Any CPU
		{C1F9A311-C15D-58D8-6031-B5B213B72889}.Release|Any CPU.ActiveCfg = Release|Any CPU
		{C1F9A311-C15D-58D8-6031-B5B213B72889}.Release|Any CPU.Build.0 = Release|Any CPU
		{7183F18B-1B60-AAE8-38DD-EBE3380DB67E}.Debug|Any CPU.ActiveCfg = Debug|Any CPU
		{7183F18B-1B60-AAE8-38DD-EBE3380DB67E}.Debug|Any CPU.Build.0 = Debug|Any CPU
		{7183F18B-1B60-AAE8-38DD-EBE3380DB67E}.Release|Any CPU.ActiveCfg = Release|Any CPU
		{7183F18B-1B60-AAE8-38DD-EBE3380DB67E}.Release|Any CPU.Build.0 = Release|Any CPU
		{67D4C75B-0907-919C-2841-A56D99E3CE49}.Debug|Any CPU.ActiveCfg = Debug|Any CPU
		{67D4C75B-0907-919C-2841-A56D99E3CE49}.Debug|Any CPU.Build.0 = Debug|Any CPU
		{67D4C75B-0907-919C-2841-A56D99E3CE49}.Release|Any CPU.ActiveCfg = Release|Any CPU
		{67D4C75B-0907-919C-2841-A56D99E3CE49}.Release|Any CPU.Build.0 = Release|Any CPU
		{96A57C98-4FA5-0FC2-57F7-27C987DD4461}.Debug|Any CPU.ActiveCfg = Debug|Any CPU
		{96A57C98-4FA5-0FC2-57F7-27C987DD4461}.Debug|Any CPU.Build.0 = Debug|Any CPU
		{96A57C98-4FA5-0FC2-57F7-27C987DD4461}.Release|Any CPU.ActiveCfg = Release|Any CPU
		{96A57C98-4FA5-0FC2-57F7-27C987DD4461}.Release|Any CPU.Build.0 = Release|Any CPU
		{33810072-B874-CCF7-4AEB-FB62E2551D7F}.Debug|Any CPU.ActiveCfg = Debug|Any CPU
		{33810072-B874-CCF7-4AEB-FB62E2551D7F}.Debug|Any CPU.Build.0 = Debug|Any CPU
		{33810072-B874-CCF7-4AEB-FB62E2551D7F}.Release|Any CPU.ActiveCfg = Release|Any CPU
		{33810072-B874-CCF7-4AEB-FB62E2551D7F}.Release|Any CPU.Build.0 = Release|Any CPU
		{6FA46B8C-8A89-8427-92DE-9E2E06D83CC5}.Debug|Any CPU.ActiveCfg = Debug|Any CPU
		{6FA46B8C-8A89-8427-92DE-9E2E06D83CC5}.Debug|Any CPU.Build.0 = Debug|Any CPU
		{6FA46B8C-8A89-8427-92DE-9E2E06D83CC5}.Release|Any CPU.ActiveCfg = Release|Any CPU
		{6FA46B8C-8A89-8427-92DE-9E2E06D83CC5}.Release|Any CPU.Build.0 = Release|Any CPU
		{E91D7F7F-D9E4-F24C-FFE4-32AD695189B8}.Debug|Any CPU.ActiveCfg = Debug|Any CPU
		{E91D7F7F-D9E4-F24C-FFE4-32AD695189B8}.Debug|Any CPU.Build.0 = Debug|Any CPU
		{E91D7F7F-D9E4-F24C-FFE4-32AD695189B8}.Release|Any CPU.ActiveCfg = Release|Any CPU
		{E91D7F7F-D9E4-F24C-FFE4-32AD695189B8}.Release|Any CPU.Build.0 = Release|Any CPU
		{3A194E0E-BD34-1276-DE38-8BB0FCF15364}.Debug|Any CPU.ActiveCfg = Debug|Any CPU
		{3A194E0E-BD34-1276-DE38-8BB0FCF15364}.Debug|Any CPU.Build.0 = Debug|Any CPU
		{3A194E0E-BD34-1276-DE38-8BB0FCF15364}.Release|Any CPU.ActiveCfg = Release|Any CPU
		{3A194E0E-BD34-1276-DE38-8BB0FCF15364}.Release|Any CPU.Build.0 = Release|Any CPU
		{A555B813-65EE-065F-73E5-5699CACB6CE9}.Debug|Any CPU.ActiveCfg = Debug|Any CPU
		{A555B813-65EE-065F-73E5-5699CACB6CE9}.Debug|Any CPU.Build.0 = Debug|Any CPU
		{A555B813-65EE-065F-73E5-5699CACB6CE9}.Release|Any CPU.ActiveCfg = Release|Any CPU
		{A555B813-65EE-065F-73E5-5699CACB6CE9}.Release|Any CPU.Build.0 = Release|Any CPU
		{730783BE-D874-B2D3-8F19-2D8E64169F34}.Debug|Any CPU.ActiveCfg = Debug|Any CPU
		{730783BE-D874-B2D3-8F19-2D8E64169F34}.Debug|Any CPU.Build.0 = Debug|Any CPU
		{730783BE-D874-B2D3-8F19-2D8E64169F34}.Release|Any CPU.ActiveCfg = Release|Any CPU
		{730783BE-D874-B2D3-8F19-2D8E64169F34}.Release|Any CPU.Build.0 = Release|Any CPU
	EndGlobalSection
	GlobalSection(SolutionProperties) = preSolution
		HideSolutionNode = FALSE
	EndGlobalSection
EndGlobal
